<?xml version="1.0"?>
<CONFIG>
  <ProjectOptions>
    <PathDelim Value="\"/>
    <Version Value="7"/>
    <General>
      <MainUnit Value="0"/>
      <TargetFileExt Value=".exe"/>
      <Title Value="AutoSave"/>
      <Icon Value="0"/>
      <UseXPManifest Value="True"/>
      <ActiveEditorIndexAtStart Value="7"/>
    </General>
    <VersionInfo>
      <ProjectVersion Value=""/>
    </VersionInfo>
    <PublishOptions>
      <Version Value="2"/>
      <IgnoreBinaries Value="False"/>
      <IncludeFileFilter Value="*.(pas|pp|inc|lfm|lpr|lrs|lpi|lpk|sh|xml)"/>
      <ExcludeFileFilter Value="*.(bak|ppu|ppw|o|so);*~;backup"/>
    </PublishOptions>
    <RunParams>
      <local>
        <FormatVersion Value="1"/>
        <LaunchingApplication PathPlusParams="/usr/X11R6/bin/xterm -T 'Lazarus Run Output' -e $(LazarusDir)/tools/runwait.sh $(TargetCmdLine)"/>
      </local>
    </RunParams>
    <RequiredPackages Count="2">
      <Item1>
        <PackageName Value="lnetbase"/>
      </Item1>
      <Item2>
        <PackageName Value="LCL"/>
      </Item2>
    </RequiredPackages>
    <Units Count="18">
      <Unit0>
        <Filename Value="AutoSave.lpr"/>
        <IsPartOfProject Value="True"/>
        <UnitName Value="autosave"/>
        <CursorPos X="1" Y="26"/>
        <TopLine Value="1"/>
        <EditorIndex Value="0"/>
        <UsageCount Value="121"/>
        <Loaded Value="True"/>
      </Unit0>
      <Unit1>
        <Filename Value="mainform.pas"/>
        <IsPartOfProject Value="True"/>
        <ComponentName Value="MForm"/>
        <ResourceBaseClass Value="Form"/>
        <UnitName Value="MainForm"/>
        <CursorPos X="3" Y="501"/>
        <TopLine Value="486"/>
        <EditorIndex Value="3"/>
        <UsageCount Value="121"/>
        <Loaded Value="True"/>
      </Unit1>
      <Unit2>
        <Filename Value="taskunit.pas"/>
        <IsPartOfProject Value="True"/>
        <UnitName Value="TaskUnit"/>
        <CursorPos X="18" Y="1802"/>
        <TopLine Value="1773"/>
        <EditorIndex Value="7"/>
        <UsageCount Value="121"/>
        <Bookmarks Count="2">
          <Item0 X="1" Y="1373" ID="0"/>
          <Item1 X="3" Y="1475" ID="1"/>
        </Bookmarks>
        <Loaded Value="True"/>
      </Unit2>
      <Unit3>
        <Filename Value="IniLang.pas"/>
        <IsPartOfProject Value="True"/>
        <UnitName Value="IniLang"/>
        <CursorPos X="2" Y="81"/>
        <TopLine Value="77"/>
        <EditorIndex Value="2"/>
        <UsageCount Value="118"/>
        <Loaded Value="True"/>
      </Unit3>
      <Unit4>
        <Filename Value="taskthread.pas"/>
        <IsPartOfProject Value="True"/>
        <UnitName Value="taskthread"/>
        <CursorPos X="30" Y="20"/>
        <TopLine Value="18"/>
        <EditorIndex Value="6"/>
        <UsageCount Value="117"/>
        <Loaded Value="True"/>
      </Unit4>
      <Unit5>
        <Filename Value="frmtask.pas"/>
        <IsPartOfProject Value="True"/>
        <ComponentName Value="FormTask"/>
        <ResourceBaseClass Value="Form"/>
        <UnitName Value="FrmTask"/>
        <CursorPos X="27" Y="229"/>
        <TopLine Value="192"/>
        <EditorIndex Value="12"/>
        <UsageCount Value="114"/>
        <Loaded Value="True"/>
      </Unit5>
      <Unit6>
        <Filename Value="frmset.pas"/>
        <IsPartOfProject Value="True"/>
        <ComponentName Value="FormSet"/>
        <ResourceBaseClass Value="Form"/>
        <UnitName Value="frmset"/>
        <CursorPos X="51" Y="152"/>
        <TopLine Value="139"/>
        <EditorIndex Value="1"/>
        <UsageCount Value="111"/>
        <Loaded Value="True"/>
      </Unit6>
      <Unit7>
        <Filename Value="unitabout.pas"/>
        <IsPartOfProject Value="True"/>
        <ComponentName Value="FormAbout"/>
        <ResourceBaseClass Value="Form"/>
        <UnitName Value="UnitAbout"/>
        <CursorPos X="78" Y="50"/>
        <TopLine Value="35"/>
        <EditorIndex Value="11"/>
        <UsageCount Value="106"/>
        <Loaded Value="True"/>
      </Unit7>
      <Unit8>
        <Filename Value="MsgStrings.pas"/>
        <UnitName Value="MsgStrings"/>
        <CursorPos X="15" Y="86"/>
        <TopLine Value="49"/>
        <EditorIndex Value="5"/>
        <UsageCount Value="45"/>
        <Loaded Value="True"/>
      </Unit8>
      <Unit9>
        <Filename Value="sendmailunit.pas"/>
        <IsPartOfProject Value="True"/>
        <UnitName Value="SendMailUnit"/>
        <CursorPos X="1" Y="144"/>
        <TopLine Value="119"/>
        <EditorIndex Value="10"/>
        <UsageCount Value="72"/>
        <Loaded Value="True"/>
      </Unit9>
      <Unit10>
        <Filename Value="frmtask.lfm"/>
        <CursorPos X="61" Y="705"/>
        <TopLine Value="668"/>
        <UsageCount Value="9"/>
        <SyntaxHighlighter Value="LFM"/>
      </Unit10>
      <Unit11>
        <Filename Value="C:\lazarus\fpc\2.2.4\source\rtl\objpas\sysutils\filutilh.inc"/>
        <CursorPos X="18" Y="85"/>
        <TopLine Value="65"/>
        <UsageCount Value="9"/>
      </Unit11>
      <Unit12>
        <Filename Value="C:\lazarus\fpc\2.2.4\source\rtl\win\sysutils.pp"/>
        <UnitName Value="sysutils"/>
        <CursorPos X="3" Y="362"/>
        <TopLine Value="349"/>
        <UsageCount Value="9"/>
      </Unit12>
      <Unit13>
        <Filename Value="C:\lazarus\lcl\interfacebase.pp"/>
        <UnitName Value="InterfaceBase"/>
        <CursorPos X="44" Y="12"/>
        <TopLine Value="1"/>
        <UsageCount Value="9"/>
      </Unit13>
      <Unit14>
        <Filename Value="E:\install\Программирование\Lazarus\components\SevenZip\SevenZipVCL.pas"/>
        <UnitName Value="SevenZipVCL"/>
        <CursorPos X="1" Y="1"/>
        <TopLine Value="226"/>
        <UsageCount Value="9"/>
      </Unit14>
      <Unit15>
        <Filename Value="C:\lazarus\lcl\include\application.inc"/>
        <CursorPos X="87" Y="919"/>
        <TopLine Value="904"/>
        <EditorIndex Value="9"/>
        <UsageCount Value="21"/>
        <Loaded Value="True"/>
      </Unit15>
      <Unit16>
        <Filename Value="inilangc.pas"/>
        <UnitName Value="IniLangC"/>
        <CursorPos X="1" Y="311"/>
        <TopLine Value="286"/>
        <EditorIndex Value="8"/>
        <UsageCount Value="18"/>
        <Loaded Value="True"/>
      </Unit16>
      <Unit17>
        <Filename Value="C:\lazarus\lcl\include\listitem.inc"/>
        <CursorPos X="1" Y="314"/>
        <TopLine Value="299"/>
        <EditorIndex Value="4"/>
        <UsageCount Value="15"/>
        <Loaded Value="True"/>
      </Unit17>
    </Units>
    <JumpHistory Count="29" HistoryIndex="28">
      <Position1>
        <Filename Value="taskunit.pas"/>
        <Caret Line="947" Column="109" TopLine="932"/>
      </Position1>
      <Position2>
        <Filename Value="taskunit.pas"/>
        <Caret Line="991" Column="67" TopLine="978"/>
      </Position2>
      <Position3>
        <Filename Value="frmtask.pas"/>
        <Caret Line="263" Column="54" TopLine="245"/>
      </Position3>
      <Position4>
        <Filename Value="taskunit.pas"/>
        <Caret Line="1576" Column="24" TopLine="1557"/>
      </Position4>
      <Position5>
        <Filename Value="taskunit.pas"/>
        <Caret Line="1358" Column="19" TopLine="1345"/>
      </Position5>
      <Position6>
        <Filename Value="taskunit.pas"/>
        <Caret Line="1093" Column="1" TopLine="1078"/>
      </Position6>
      <Position7>
        <Filename Value="taskunit.pas"/>
        <Caret Line="1109" Column="1" TopLine="1094"/>
      </Position7>
      <Position8>
        <Filename Value="taskunit.pas"/>
        <Caret Line="1110" Column="1" TopLine="1095"/>
      </Position8>
      <Position9>
        <Filename Value="taskunit.pas"/>
        <Caret Line="1111" Column="1" TopLine="1096"/>
      </Position9>
      <Position10>
        <Filename Value="taskunit.pas"/>
        <Caret Line="1112" Column="1" TopLine="1097"/>
      </Position10>
      <Position11>
        <Filename Value="taskunit.pas"/>
        <Caret Line="1114" Column="1" TopLine="1099"/>
      </Position11>
      <Position12>
        <Filename Value="taskunit.pas"/>
        <Caret Line="1115" Column="1" TopLine="1100"/>
      </Position12>
      <Position13>
        <Filename Value="taskunit.pas"/>
        <Caret Line="1116" Column="1" TopLine="1101"/>
      </Position13>
      <Position14>
        <Filename Value="taskunit.pas"/>
        <Caret Line="1117" Column="1" TopLine="1102"/>
      </Position14>
      <Position15>
        <Filename Value="taskunit.pas"/>
        <Caret Line="1119" Column="1" TopLine="1104"/>
      </Position15>
      <Position16>
        <Filename Value="taskunit.pas"/>
        <Caret Line="1120" Column="1" TopLine="1105"/>
      </Position16>
      <Position17>
        <Filename Value="taskunit.pas"/>
        <Caret Line="1101" Column="1" TopLine="1086"/>
      </Position17>
      <Position18>
        <Filename Value="taskunit.pas"/>
        <Caret Line="1102" Column="1" TopLine="1087"/>
      </Position18>
      <Position19>
        <Filename Value="taskunit.pas"/>
        <Caret Line="1360" Column="1" TopLine="1345"/>
      </Position19>
      <Position20>
        <Filename Value="taskunit.pas"/>
        <Caret Line="1564" Column="16" TopLine="1554"/>
      </Position20>
      <Position21>
        <Filename Value="taskunit.pas"/>
        <Caret Line="2918" Column="48" TopLine="2908"/>
      </Position21>
      <Position22>
        <Filename Value="taskunit.pas"/>
        <Caret Line="246" Column="3" TopLine="220"/>
      </Position22>
      <Position23>
        <Filename Value="taskunit.pas"/>
        <Caret Line="1766" Column="89" TopLine="1741"/>
      </Position23>
      <Position24>
        <Filename Value="taskunit.pas"/>
        <Caret Line="1798" Column="37" TopLine="1763"/>
      </Position24>
      <Position25>
        <Filename Value="taskunit.pas"/>
        <Caret Line="1911" Column="110" TopLine="1892"/>
      </Position25>
      <Position26>
        <Filename Value="taskunit.pas"/>
        <Caret Line="1802" Column="1" TopLine="1783"/>
      </Position26>
      <Position27>
        <Filename Value="taskunit.pas"/>
        <Caret Line="1804" Column="1" TopLine="1785"/>
      </Position27>
      <Position28>
        <Filename Value="taskunit.pas"/>
        <Caret Line="1896" Column="1" TopLine="1877"/>
      </Position28>
      <Position29>
        <Filename Value="taskunit.pas"/>
        <Caret Line="1694" Column="1" TopLine="1675"/>
      </Position29>
    </JumpHistory>
  </ProjectOptions>
  <CompilerOptions>
    <Version Value="8"/>
    <PathDelim Value="\"/>
    <SearchPaths>
      <IncludeFiles Value="$(ProjOutDir)\"/>
      <UnitOutputDirectory Value="compile"/>
    </SearchPaths>
    <Parsing>
      <SyntaxOptions>
        <UseAnsiStrings Value="True"/>
      </SyntaxOptions>
    </Parsing>
    <Linking>
      <Options>
        <Win32>
          <GraphicApplication Value="True"/>
        </Win32>
      </Options>
    </Linking>
    <Other>
      <CompilerPath Value="$(CompPath)"/>
    </Other>
  </CompilerOptions>
  <Debugging>
    <Exceptions Count="3">
      <Item1>
        <Name Value="EAbort"/>
      </Item1>
      <Item2>
        <Name Value="ECodetoolError"/>
      </Item2>
      <Item3>
        <Name Value="EFOpenError"/>
      </Item3>
    </Exceptions>
  </Debugging>
</CONFIG>
