<?xml version="1.0"?>
<CONFIG>
  <ProjectOptions>
    <PathDelim Value="\"/>
    <Version Value="7"/>
    <General>
      <MainUnit Value="0"/>
      <TargetFileExt Value=".exe"/>
      <Title Value="AutoSave"/>
      <Icon Value="0"/>
      <UseXPManifest Value="True"/>
      <ActiveEditorIndexAtStart Value="6"/>
    </General>
    <VersionInfo>
      <ProjectVersion Value=""/>
    </VersionInfo>
    <PublishOptions>
      <Version Value="2"/>
      <IgnoreBinaries Value="False"/>
      <IncludeFileFilter Value="*.(pas|pp|inc|lfm|lpr|lrs|lpi|lpk|sh|xml)"/>
      <ExcludeFileFilter Value="*.(bak|ppu|ppw|o|so);*~;backup"/>
    </PublishOptions>
    <RunParams>
      <local>
        <FormatVersion Value="1"/>
        <LaunchingApplication PathPlusParams="/usr/X11R6/bin/xterm -T 'Lazarus Run Output' -e $(LazarusDir)/tools/runwait.sh $(TargetCmdLine)"/>
      </local>
    </RunParams>
    <RequiredPackages Count="2">
      <Item1>
        <PackageName Value="lnetbase"/>
      </Item1>
      <Item2>
        <PackageName Value="LCL"/>
      </Item2>
    </RequiredPackages>
    <Units Count="17">
      <Unit0>
        <Filename Value="AutoSave.lpr"/>
        <IsPartOfProject Value="True"/>
        <UnitName Value="autosave"/>
        <CursorPos X="1" Y="26"/>
        <TopLine Value="1"/>
        <EditorIndex Value="0"/>
        <UsageCount Value="106"/>
        <Loaded Value="True"/>
      </Unit0>
      <Unit1>
        <Filename Value="mainform.pas"/>
        <IsPartOfProject Value="True"/>
        <ComponentName Value="MForm"/>
        <ResourceBaseClass Value="Form"/>
        <UnitName Value="MainForm"/>
        <CursorPos X="3" Y="360"/>
        <TopLine Value="354"/>
        <EditorIndex Value="3"/>
        <UsageCount Value="106"/>
        <Bookmarks Count="2">
          <Item0 X="26" Y="611" ID="0"/>
          <Item1 X="25" Y="495" ID="1"/>
        </Bookmarks>
        <Loaded Value="True"/>
      </Unit1>
      <Unit2>
        <Filename Value="taskunit.pas"/>
        <IsPartOfProject Value="True"/>
        <UnitName Value="TaskUnit"/>
        <CursorPos X="35" Y="218"/>
        <TopLine Value="202"/>
        <EditorIndex Value="6"/>
        <UsageCount Value="106"/>
        <Loaded Value="True"/>
      </Unit2>
      <Unit3>
        <Filename Value="IniLang.pas"/>
        <IsPartOfProject Value="True"/>
        <UnitName Value="IniLang"/>
        <CursorPos X="2" Y="81"/>
        <TopLine Value="77"/>
        <EditorIndex Value="2"/>
        <UsageCount Value="103"/>
        <Loaded Value="True"/>
      </Unit3>
      <Unit4>
        <Filename Value="taskthread.pas"/>
        <IsPartOfProject Value="True"/>
        <UnitName Value="taskthread"/>
        <CursorPos X="30" Y="20"/>
        <TopLine Value="18"/>
        <EditorIndex Value="5"/>
        <UsageCount Value="102"/>
        <Loaded Value="True"/>
      </Unit4>
      <Unit5>
        <Filename Value="frmtask.pas"/>
        <IsPartOfProject Value="True"/>
        <ComponentName Value="FormTask"/>
        <ResourceBaseClass Value="Form"/>
        <UnitName Value="FrmTask"/>
        <CursorPos X="3" Y="295"/>
        <TopLine Value="270"/>
        <EditorIndex Value="11"/>
        <UsageCount Value="99"/>
        <Loaded Value="True"/>
      </Unit5>
      <Unit6>
        <Filename Value="frmset.pas"/>
        <IsPartOfProject Value="True"/>
        <ComponentName Value="FormSet"/>
        <ResourceBaseClass Value="Form"/>
        <UnitName Value="frmset"/>
        <CursorPos X="51" Y="152"/>
        <TopLine Value="139"/>
        <EditorIndex Value="1"/>
        <UsageCount Value="96"/>
        <Loaded Value="True"/>
      </Unit6>
      <Unit7>
        <Filename Value="unitabout.pas"/>
        <IsPartOfProject Value="True"/>
        <ComponentName Value="FormAbout"/>
        <ResourceBaseClass Value="Form"/>
        <UnitName Value="UnitAbout"/>
        <CursorPos X="78" Y="50"/>
        <TopLine Value="35"/>
        <EditorIndex Value="10"/>
        <UsageCount Value="91"/>
        <Loaded Value="True"/>
      </Unit7>
      <Unit8>
        <Filename Value="MsgStrings.pas"/>
        <UnitName Value="MsgStrings"/>
        <CursorPos X="41" Y="78"/>
        <TopLine Value="46"/>
        <EditorIndex Value="4"/>
        <UsageCount Value="38"/>
        <Loaded Value="True"/>
      </Unit8>
      <Unit9>
        <Filename Value="sendmailunit.pas"/>
        <IsPartOfProject Value="True"/>
        <UnitName Value="SendMailUnit"/>
        <CursorPos X="1" Y="144"/>
        <TopLine Value="119"/>
        <EditorIndex Value="9"/>
        <UsageCount Value="57"/>
        <Loaded Value="True"/>
      </Unit9>
      <Unit10>
        <Filename Value="frmtask.lfm"/>
        <CursorPos X="61" Y="705"/>
        <TopLine Value="668"/>
        <UsageCount Value="9"/>
        <SyntaxHighlighter Value="LFM"/>
      </Unit10>
      <Unit11>
        <Filename Value="C:\lazarus\fpc\2.2.4\source\rtl\objpas\sysutils\filutilh.inc"/>
        <CursorPos X="18" Y="85"/>
        <TopLine Value="65"/>
        <UsageCount Value="9"/>
      </Unit11>
      <Unit12>
        <Filename Value="C:\lazarus\fpc\2.2.4\source\rtl\win\sysutils.pp"/>
        <UnitName Value="sysutils"/>
        <CursorPos X="3" Y="362"/>
        <TopLine Value="349"/>
        <UsageCount Value="9"/>
      </Unit12>
      <Unit13>
        <Filename Value="C:\lazarus\lcl\interfacebase.pp"/>
        <UnitName Value="InterfaceBase"/>
        <CursorPos X="44" Y="12"/>
        <TopLine Value="1"/>
        <UsageCount Value="9"/>
      </Unit13>
      <Unit14>
        <Filename Value="E:\install\Программирование\Lazarus\components\SevenZip\SevenZipVCL.pas"/>
        <UnitName Value="SevenZipVCL"/>
        <CursorPos X="1" Y="1"/>
        <TopLine Value="226"/>
        <UsageCount Value="9"/>
      </Unit14>
      <Unit15>
        <Filename Value="C:\lazarus\lcl\include\application.inc"/>
        <CursorPos X="87" Y="919"/>
        <TopLine Value="904"/>
        <EditorIndex Value="8"/>
        <UsageCount Value="14"/>
        <Loaded Value="True"/>
      </Unit15>
      <Unit16>
        <Filename Value="inilangc.pas"/>
        <UnitName Value="IniLangC"/>
        <CursorPos X="1" Y="311"/>
        <TopLine Value="286"/>
        <EditorIndex Value="7"/>
        <UsageCount Value="11"/>
        <Loaded Value="True"/>
      </Unit16>
    </Units>
    <JumpHistory Count="30" HistoryIndex="29">
      <Position1>
        <Filename Value="taskunit.pas"/>
        <Caret Line="693" Column="25" TopLine="680"/>
      </Position1>
      <Position2>
        <Filename Value="taskunit.pas"/>
        <Caret Line="892" Column="23" TopLine="886"/>
      </Position2>
      <Position3>
        <Filename Value="taskunit.pas"/>
        <Caret Line="1274" Column="10" TopLine="1261"/>
      </Position3>
      <Position4>
        <Filename Value="taskunit.pas"/>
        <Caret Line="1276" Column="10" TopLine="1261"/>
      </Position4>
      <Position5>
        <Filename Value="MsgStrings.pas"/>
        <Caret Line="8" Column="1" TopLine="3"/>
      </Position5>
      <Position6>
        <Filename Value="taskunit.pas"/>
        <Caret Line="216" Column="101" TopLine="202"/>
      </Position6>
      <Position7>
        <Filename Value="mainform.pas"/>
        <Caret Line="362" Column="15" TopLine="347"/>
      </Position7>
      <Position8>
        <Filename Value="taskunit.pas"/>
        <Caret Line="309" Column="34" TopLine="291"/>
      </Position8>
      <Position9>
        <Filename Value="mainform.pas"/>
        <Caret Line="330" Column="17" TopLine="313"/>
      </Position9>
      <Position10>
        <Filename Value="mainform.pas"/>
        <Caret Line="362" Column="6" TopLine="354"/>
      </Position10>
      <Position11>
        <Filename Value="mainform.pas"/>
        <Caret Line="602" Column="22" TopLine="588"/>
      </Position11>
      <Position12>
        <Filename Value="taskunit.pas"/>
        <Caret Line="218" Column="1" TopLine="206"/>
      </Position12>
      <Position13>
        <Filename Value="taskunit.pas"/>
        <Caret Line="843" Column="89" TopLine="806"/>
      </Position13>
      <Position14>
        <Filename Value="taskunit.pas"/>
        <Caret Line="1414" Column="1" TopLine="1401"/>
      </Position14>
      <Position15>
        <Filename Value="taskunit.pas"/>
        <Caret Line="1676" Column="34" TopLine="1675"/>
      </Position15>
      <Position16>
        <Filename Value="taskunit.pas"/>
        <Caret Line="1414" Column="11" TopLine="1401"/>
      </Position16>
      <Position17>
        <Filename Value="taskunit.pas"/>
        <Caret Line="222" Column="22" TopLine="205"/>
      </Position17>
      <Position18>
        <Filename Value="taskunit.pas"/>
        <Caret Line="1708" Column="45" TopLine="1690"/>
      </Position18>
      <Position19>
        <Filename Value="taskunit.pas"/>
        <Caret Line="1424" Column="72" TopLine="1415"/>
      </Position19>
      <Position20>
        <Filename Value="taskthread.pas"/>
        <Caret Line="231" Column="18" TopLine="213"/>
      </Position20>
      <Position21>
        <Filename Value="taskthread.pas"/>
        <Caret Line="37" Column="14" TopLine="15"/>
      </Position21>
      <Position22>
        <Filename Value="taskthread.pas"/>
        <Caret Line="233" Column="20" TopLine="220"/>
      </Position22>
      <Position23>
        <Filename Value="taskthread.pas"/>
        <Caret Line="38" Column="26" TopLine="18"/>
      </Position23>
      <Position24>
        <Filename Value="mainform.pas"/>
        <Caret Line="711" Column="1" TopLine="711"/>
      </Position24>
      <Position25>
        <Filename Value="mainform.pas"/>
        <Caret Line="367" Column="11" TopLine="357"/>
      </Position25>
      <Position26>
        <Filename Value="taskunit.pas"/>
        <Caret Line="2372" Column="24" TopLine="2354"/>
      </Position26>
      <Position27>
        <Filename Value="mainform.pas"/>
        <Caret Line="367" Column="11" TopLine="121"/>
      </Position27>
      <Position28>
        <Filename Value="taskunit.pas"/>
        <Caret Line="2791" Column="15" TopLine="2771"/>
      </Position28>
      <Position29>
        <Filename Value="taskunit.pas"/>
        <Caret Line="2999" Column="3" TopLine="2983"/>
      </Position29>
      <Position30>
        <Filename Value="taskunit.pas"/>
        <Caret Line="1383" Column="26" TopLine="1365"/>
      </Position30>
    </JumpHistory>
  </ProjectOptions>
  <CompilerOptions>
    <Version Value="8"/>
    <PathDelim Value="\"/>
    <SearchPaths>
      <IncludeFiles Value="$(ProjOutDir)\"/>
      <UnitOutputDirectory Value="compile"/>
    </SearchPaths>
    <Parsing>
      <SyntaxOptions>
        <UseAnsiStrings Value="True"/>
      </SyntaxOptions>
    </Parsing>
    <Linking>
      <Options>
        <Win32>
          <GraphicApplication Value="True"/>
        </Win32>
      </Options>
    </Linking>
    <Other>
      <CompilerPath Value="$(CompPath)"/>
    </Other>
  </CompilerOptions>
  <Debugging>
    <Exceptions Count="3">
      <Item1>
        <Name Value="EAbort"/>
      </Item1>
      <Item2>
        <Name Value="ECodetoolError"/>
      </Item2>
      <Item3>
        <Name Value="EFOpenError"/>
      </Item3>
    </Exceptions>
  </Debugging>
</CONFIG>
