<?xml version="1.0"?>
<CONFIG>
  <ProjectOptions>
    <PathDelim Value="\"/>
    <Version Value="7"/>
    <General>
      <MainUnit Value="0"/>
      <TargetFileExt Value=".exe"/>
      <Title Value="mbackupw"/>
      <Icon Value="0"/>
      <UseXPManifest Value="True"/>
      <ActiveEditorIndexAtStart Value="4"/>
    </General>
    <i18n>
      <EnableI18N Value="True"/>
      <OutDir Value="Lang"/>
    </i18n>
    <VersionInfo>
      <ProjectVersion Value=""/>
    </VersionInfo>
    <PublishOptions>
      <Version Value="2"/>
      <IgnoreBinaries Value="False"/>
      <IncludeFileFilter Value="*.(pas|pp|inc|lfm|lpr|lrs|lpi|lpk|sh|xml)"/>
      <ExcludeFileFilter Value="*.(bak|ppu|ppw|o|so);*~;backup"/>
    </PublishOptions>
    <RunParams>
      <local>
        <FormatVersion Value="1"/>
        <LaunchingApplication PathPlusParams="/usr/X11R6/bin/xterm -T 'Lazarus Run Output' -e $(LazarusDir)/tools/runwait.sh $(TargetCmdLine)"/>
      </local>
    </RunParams>
    <RequiredPackages Count="2">
      <Item1>
        <PackageName Value="dcpcrypt"/>
      </Item1>
      <Item2>
        <PackageName Value="LCL"/>
      </Item2>
    </RequiredPackages>
    <Units Count="37">
      <Unit0>
        <Filename Value="mbackupw.lpr"/>
        <IsPartOfProject Value="True"/>
        <UnitName Value="mbackupw"/>
        <CursorPos X="60" Y="11"/>
        <TopLine Value="1"/>
        <UsageCount Value="332"/>
      </Unit0>
      <Unit1>
        <Filename Value="mainform.pas"/>
        <IsPartOfProject Value="True"/>
        <ComponentName Value="MForm"/>
        <ResourceBaseClass Value="Form"/>
        <UnitName Value="MainForm"/>
        <CursorPos X="9" Y="200"/>
        <TopLine Value="195"/>
        <EditorIndex Value="2"/>
        <UsageCount Value="332"/>
        <Loaded Value="True"/>
      </Unit1>
      <Unit2>
        <Filename Value="taskunit.pas"/>
        <IsPartOfProject Value="True"/>
        <UnitName Value="TaskUnit"/>
        <CursorPos X="1" Y="3010"/>
        <TopLine Value="2991"/>
        <EditorIndex Value="4"/>
        <UsageCount Value="332"/>
        <Bookmarks Count="4">
          <Item0 X="10" Y="1351" ID="0"/>
          <Item1 X="17" Y="5040" ID="1"/>
          <Item2 X="17" Y="2822" ID="2"/>
          <Item3 X="9" Y="577" ID="3"/>
        </Bookmarks>
        <Loaded Value="True"/>
      </Unit2>
      <Unit3>
        <Filename Value="IniLang.pas"/>
        <UnitName Value="IniLang"/>
        <CursorPos X="2" Y="81"/>
        <TopLine Value="44"/>
        <UsageCount Value="323"/>
      </Unit3>
      <Unit4>
        <Filename Value="taskthread.pas"/>
        <IsPartOfProject Value="True"/>
        <UnitName Value="taskthread"/>
        <CursorPos X="3" Y="163"/>
        <TopLine Value="143"/>
        <EditorIndex Value="6"/>
        <UsageCount Value="328"/>
        <Loaded Value="True"/>
      </Unit4>
      <Unit5>
        <Filename Value="frmtask.pas"/>
        <IsPartOfProject Value="True"/>
        <ComponentName Value="FormTask"/>
        <ResourceBaseClass Value="Form"/>
        <UnitName Value="FrmTask"/>
        <CursorPos X="13" Y="487"/>
        <TopLine Value="463"/>
        <EditorIndex Value="10"/>
        <UsageCount Value="325"/>
        <Loaded Value="True"/>
      </Unit5>
      <Unit6>
        <Filename Value="frmset.pas"/>
        <IsPartOfProject Value="True"/>
        <ComponentName Value="FormSet"/>
        <ResourceBaseClass Value="Form"/>
        <UnitName Value="frmset"/>
        <CursorPos X="39" Y="247"/>
        <TopLine Value="211"/>
        <EditorIndex Value="0"/>
        <UsageCount Value="322"/>
        <Loaded Value="True"/>
      </Unit6>
      <Unit7>
        <Filename Value="unitabout.pas"/>
        <IsPartOfProject Value="True"/>
        <ComponentName Value="FormAbout"/>
        <ResourceBaseClass Value="Form"/>
        <UnitName Value="UnitAbout"/>
        <CursorPos X="44" Y="11"/>
        <TopLine Value="1"/>
        <EditorIndex Value="1"/>
        <UsageCount Value="317"/>
        <Loaded Value="True"/>
      </Unit7>
      <Unit8>
        <Filename Value="MsgStrings.pas"/>
        <IsPartOfProject Value="True"/>
        <UnitName Value="msgstrings"/>
        <CursorPos X="25" Y="91"/>
        <TopLine Value="68"/>
        <EditorIndex Value="15"/>
        <UsageCount Value="200"/>
        <Loaded Value="True"/>
        <BuildFileIfActive Value="True"/>
      </Unit8>
      <Unit9>
        <Filename Value="sendmailunit.pas"/>
        <UnitName Value="SendMailUnit"/>
        <CursorPos X="21" Y="13"/>
        <TopLine Value="1"/>
        <UsageCount Value="278"/>
      </Unit9>
      <Unit10>
        <Filename Value="C:\lazarus\lcl\include\application.inc"/>
        <CursorPos X="1" Y="917"/>
        <TopLine Value="892"/>
        <UsageCount Value="121"/>
      </Unit10>
      <Unit11>
        <Filename Value="inilangc.pas"/>
        <UnitName Value="IniLangC"/>
        <CursorPos X="1" Y="311"/>
        <TopLine Value="286"/>
        <UsageCount Value="118"/>
      </Unit11>
      <Unit12>
        <Filename Value="C:\lazarus\lcl\include\listitem.inc"/>
        <CursorPos X="1" Y="314"/>
        <TopLine Value="295"/>
        <UsageCount Value="116"/>
      </Unit12>
      <Unit13>
        <Filename Value="potranslator.pas"/>
        <IsPartOfProject Value="True"/>
        <UnitName Value="PoTranslator"/>
        <CursorPos X="1" Y="81"/>
        <TopLine Value="45"/>
        <EditorIndex Value="9"/>
        <UsageCount Value="196"/>
        <Loaded Value="True"/>
      </Unit13>
      <Unit14>
        <Filename Value="C:\lazarus\lcl\translations.pas"/>
        <UnitName Value="Translations"/>
        <CursorPos X="1" Y="366"/>
        <TopLine Value="347"/>
        <UsageCount Value="4"/>
      </Unit14>
      <Unit15>
        <Filename Value="C:\lazarus\indy10\lazarus\IdDsnCoreResourceStrings.pas"/>
        <UnitName Value="IdDsnCoreResourceStrings"/>
        <CursorPos X="1" Y="1"/>
        <TopLine Value="1"/>
        <UsageCount Value="4"/>
      </Unit15>
      <Unit16>
        <Filename Value="C:\lazarus\ide\lazarus.pp"/>
        <UnitName Value="Lazarus"/>
        <CursorPos X="6" Y="124"/>
        <TopLine Value="93"/>
        <UsageCount Value="4"/>
      </Unit16>
      <Unit17>
        <Filename Value="setunit.pas"/>
        <IsPartOfProject Value="True"/>
        <UnitName Value="setunit"/>
        <CursorPos X="82" Y="138"/>
        <TopLine Value="118"/>
        <EditorIndex Value="3"/>
        <UsageCount Value="191"/>
        <Loaded Value="True"/>
      </Unit17>
      <Unit18>
        <Filename Value="unitfunc.pas"/>
        <IsPartOfProject Value="True"/>
        <UnitName Value="unitfunc"/>
        <CursorPos X="96" Y="12"/>
        <TopLine Value="1"/>
        <EditorIndex Value="8"/>
        <UsageCount Value="185"/>
        <Loaded Value="True"/>
      </Unit18>
      <Unit19>
        <Filename Value="C:\lazarus\fpc\2.2.4\source\packages\IdSMTP.pas"/>
        <UnitName Value="IdSMTP"/>
        <CursorPos X="60" Y="207"/>
        <TopLine Value="188"/>
        <UsageCount Value="13"/>
      </Unit19>
      <Unit20>
        <Filename Value="delfiles.pas"/>
        <IsPartOfProject Value="True"/>
        <UnitName Value="delfiles"/>
        <CursorPos X="1" Y="150"/>
        <TopLine Value="131"/>
        <EditorIndex Value="5"/>
        <UsageCount Value="165"/>
        <Loaded Value="True"/>
      </Unit20>
      <Unit21>
        <Filename Value="C:\lazarus\fpc\2.2.4\source\packages\indy\src\IdAttachmentFile.pas"/>
        <UnitName Value="IdAttachmentFile"/>
        <CursorPos X="6" Y="157"/>
        <TopLine Value="120"/>
        <UsageCount Value="6"/>
      </Unit21>
      <Unit22>
        <Filename Value="C:\lazarus\Synapse\source\lib\mimemess.pas"/>
        <UnitName Value="mimemess"/>
        <CursorPos X="51" Y="727"/>
        <TopLine Value="696"/>
        <UsageCount Value="5"/>
      </Unit22>
      <Unit23>
        <Filename Value="customfs.pas"/>
        <IsPartOfProject Value="True"/>
        <UnitName Value="customfs"/>
        <CursorPos X="20" Y="52"/>
        <TopLine Value="43"/>
        <EditorIndex Value="12"/>
        <UsageCount Value="156"/>
        <Loaded Value="True"/>
      </Unit23>
      <Unit24>
        <Filename Value="filefs.pas"/>
        <IsPartOfProject Value="True"/>
        <UnitName Value="filefs"/>
        <CursorPos X="1" Y="425"/>
        <TopLine Value="416"/>
        <EditorIndex Value="13"/>
        <UsageCount Value="156"/>
        <Loaded Value="True"/>
      </Unit24>
      <Unit25>
        <Filename Value="ftpfs.pas"/>
        <IsPartOfProject Value="True"/>
        <UnitName Value="ftpfs"/>
        <CursorPos X="1" Y="162"/>
        <TopLine Value="156"/>
        <EditorIndex Value="14"/>
        <UsageCount Value="154"/>
        <Loaded Value="True"/>
      </Unit25>
      <Unit26>
        <Filename Value="C:\lazarus\fpc\2.2.4\source\rtl\win\wininc\ascdef.inc"/>
        <CursorPos X="10" Y="124"/>
        <TopLine Value="105"/>
        <UsageCount Value="5"/>
      </Unit26>
      <Unit27>
        <Filename Value="C:\lazarus\Synapse\source\lib\synafpc.pas"/>
        <UnitName Value="synafpc"/>
        <CursorPos X="16" Y="69"/>
        <TopLine Value="50"/>
        <UsageCount Value="5"/>
      </Unit27>
      <Unit28>
        <Filename Value="logunit.pas"/>
        <IsPartOfProject Value="True"/>
        <UnitName Value="logunit"/>
        <CursorPos X="1" Y="87"/>
        <TopLine Value="68"/>
        <EditorIndex Value="7"/>
        <UsageCount Value="142"/>
        <Loaded Value="True"/>
      </Unit28>
      <Unit29>
        <Filename Value="frmftp.pas"/>
        <IsPartOfProject Value="True"/>
        <ComponentName Value="frmFTPParam"/>
        <ResourceBaseClass Value="Form"/>
        <UnitName Value="frmftp"/>
        <CursorPos X="41" Y="156"/>
        <TopLine Value="133"/>
        <EditorIndex Value="11"/>
        <UsageCount Value="116"/>
        <Loaded Value="True"/>
      </Unit29>
      <Unit30>
        <Filename Value="C:\lazarus\lcl\include\customform.inc"/>
        <CursorPos X="1" Y="2315"/>
        <TopLine Value="2296"/>
        <UsageCount Value="16"/>
      </Unit30>
      <Unit31>
        <Filename Value="C:\lazarus\lcl\include\control.inc"/>
        <CursorPos X="1" Y="1858"/>
        <TopLine Value="1839"/>
        <UsageCount Value="16"/>
      </Unit31>
      <Unit32>
        <Filename Value="C:\lazarus\Synapse\source\lib\ssl_openssl.pas"/>
        <UnitName Value="ssl_openssl"/>
        <CursorPos X="13" Y="818"/>
        <TopLine Value="784"/>
        <UsageCount Value="10"/>
      </Unit32>
      <Unit33>
        <Filename Value="C:\lazarus\Synapse\source\lib\blcksock.pas"/>
        <UnitName Value="blcksock"/>
        <CursorPos X="3" Y="1409"/>
        <TopLine Value="4132"/>
        <UsageCount Value="10"/>
      </Unit33>
      <Unit34>
        <Filename Value="C:\lazarus\Synapse\source\lib\ssl_openssl_lib.pas"/>
        <UnitName Value="ssl_openssl_lib"/>
        <CursorPos X="3" Y="1697"/>
        <TopLine Value="1848"/>
        <UsageCount Value="10"/>
      </Unit34>
      <Unit35>
        <Filename Value="C:\lazarus\lcl\include\fileutil.inc"/>
        <CursorPos X="1" Y="1414"/>
        <TopLine Value="1395"/>
        <UsageCount Value="11"/>
      </Unit35>
      <Unit36>
        <Filename Value="C:\lazarus\lcl\masks.pas"/>
        <UnitName Value="Masks"/>
        <CursorPos X="3" Y="96"/>
        <TopLine Value="92"/>
        <UsageCount Value="10"/>
      </Unit36>
    </Units>
    <JumpHistory Count="30" HistoryIndex="29">
      <Position1>
        <Filename Value="taskunit.pas"/>
        <Caret Line="3159" Column="1" TopLine="3140"/>
      </Position1>
      <Position2>
        <Filename Value="taskunit.pas"/>
        <Caret Line="3160" Column="1" TopLine="3141"/>
      </Position2>
      <Position3>
        <Filename Value="taskunit.pas"/>
        <Caret Line="3161" Column="1" TopLine="3142"/>
      </Position3>
      <Position4>
        <Filename Value="taskunit.pas"/>
        <Caret Line="3165" Column="1" TopLine="3146"/>
      </Position4>
      <Position5>
        <Filename Value="taskunit.pas"/>
        <Caret Line="2857" Column="5" TopLine="2961"/>
      </Position5>
      <Position6>
        <Filename Value="taskunit.pas"/>
        <Caret Line="2988" Column="1" TopLine="2969"/>
      </Position6>
      <Position7>
        <Filename Value="taskunit.pas"/>
        <Caret Line="3149" Column="28" TopLine="3137"/>
      </Position7>
      <Position8>
        <Filename Value="taskunit.pas"/>
        <Caret Line="2988" Column="1" TopLine="2969"/>
      </Position8>
      <Position9>
        <Filename Value="taskunit.pas"/>
        <Caret Line="3144" Column="1" TopLine="3125"/>
      </Position9>
      <Position10>
        <Filename Value="taskunit.pas"/>
        <Caret Line="3145" Column="1" TopLine="3126"/>
      </Position10>
      <Position11>
        <Filename Value="taskunit.pas"/>
        <Caret Line="3149" Column="1" TopLine="3130"/>
      </Position11>
      <Position12>
        <Filename Value="taskunit.pas"/>
        <Caret Line="3150" Column="1" TopLine="3131"/>
      </Position12>
      <Position13>
        <Filename Value="taskunit.pas"/>
        <Caret Line="2756" Column="28" TopLine="2984"/>
      </Position13>
      <Position14>
        <Filename Value="taskunit.pas"/>
        <Caret Line="3010" Column="1" TopLine="2991"/>
      </Position14>
      <Position15>
        <Filename Value="taskunit.pas"/>
        <Caret Line="3167" Column="1" TopLine="3148"/>
      </Position15>
      <Position16>
        <Filename Value="taskunit.pas"/>
        <Caret Line="3168" Column="1" TopLine="3149"/>
      </Position16>
      <Position17>
        <Filename Value="taskunit.pas"/>
        <Caret Line="3172" Column="1" TopLine="3153"/>
      </Position17>
      <Position18>
        <Filename Value="taskunit.pas"/>
        <Caret Line="3173" Column="1" TopLine="3154"/>
      </Position18>
      <Position19>
        <Filename Value="taskunit.pas"/>
        <Caret Line="3174" Column="1" TopLine="3155"/>
      </Position19>
      <Position20>
        <Filename Value="taskunit.pas"/>
        <Caret Line="3175" Column="1" TopLine="3156"/>
      </Position20>
      <Position21>
        <Filename Value="taskunit.pas"/>
        <Caret Line="3176" Column="1" TopLine="3157"/>
      </Position21>
      <Position22>
        <Filename Value="taskunit.pas"/>
        <Caret Line="3177" Column="1" TopLine="3158"/>
      </Position22>
      <Position23>
        <Filename Value="taskunit.pas"/>
        <Caret Line="3178" Column="1" TopLine="3159"/>
      </Position23>
      <Position24>
        <Filename Value="taskunit.pas"/>
        <Caret Line="3179" Column="1" TopLine="3160"/>
      </Position24>
      <Position25>
        <Filename Value="taskunit.pas"/>
        <Caret Line="3183" Column="1" TopLine="3164"/>
      </Position25>
      <Position26>
        <Filename Value="taskunit.pas"/>
        <Caret Line="3184" Column="1" TopLine="3165"/>
      </Position26>
      <Position27>
        <Filename Value="taskunit.pas"/>
        <Caret Line="3185" Column="1" TopLine="3166"/>
      </Position27>
      <Position28>
        <Filename Value="taskunit.pas"/>
        <Caret Line="3189" Column="1" TopLine="3170"/>
      </Position28>
      <Position29>
        <Filename Value="taskunit.pas"/>
        <Caret Line="3190" Column="1" TopLine="3171"/>
      </Position29>
      <Position30>
        <Filename Value="taskunit.pas"/>
        <Caret Line="3192" Column="1" TopLine="3149"/>
      </Position30>
    </JumpHistory>
  </ProjectOptions>
  <CompilerOptions>
    <Version Value="8"/>
    <PathDelim Value="\"/>
    <SearchPaths>
      <IncludeFiles Value="$(ProjOutDir)\"/>
      <OtherUnitFiles Value="C:\lazarus\Synapse\source\lib\"/>
      <UnitOutputDirectory Value="compile"/>
    </SearchPaths>
    <Parsing>
      <SyntaxOptions>
        <UseAnsiStrings Value="True"/>
      </SyntaxOptions>
    </Parsing>
    <Linking>
      <Debugging>
        <GenerateDebugInfo Value="True"/>
      </Debugging>
      <Options>
        <Win32>
          <GraphicApplication Value="True"/>
        </Win32>
      </Options>
    </Linking>
    <Other>
      <CompilerPath Value="$(CompPath)"/>
    </Other>
  </CompilerOptions>
  <Debugging>
    <Exceptions Count="4">
      <Item1>
        <Name Value="EAbort"/>
      </Item1>
      <Item2>
        <Name Value="ECodetoolError"/>
      </Item2>
      <Item3>
        <Name Value="EFOpenError"/>
      </Item3>
      <Item4>
        <Name Value="EIdSMTPReplyError"/>
      </Item4>
    </Exceptions>
  </Debugging>
</CONFIG>
