<?xml version="1.0"?>
<CONFIG>
  <ProjectOptions>
    <Version Value="9"/>
    <PathDelim Value="\"/>
    <General>
      <MainUnit Value="0"/>
      <Title Value="mbackupw"/>
      <UseAppBundle Value="False"/>
      <UseXPManifest Value="True"/>
      <XPManifest>
        <DpiAware Value="True"/>
      </XPManifest>
      <Icon Value="0"/>
      <ActiveWindowIndexAtStart Value="0"/>
    </General>
    <i18n>
      <EnableI18N Value="True"/>
      <OutDir Value="Lang"/>
    </i18n>
    <VersionInfo>
      <StringTable ProductVersion=""/>
    </VersionInfo>
    <BuildModes Count="1">
      <Item1 Name="default" Default="True"/>
    </BuildModes>
    <PublishOptions>
      <Version Value="2"/>
      <IgnoreBinaries Value="False"/>
      <IncludeFileFilter Value="*.(pas|pp|inc|lfm|lpr|lrs|lpi|lpk|sh|xml)"/>
      <ExcludeFileFilter Value="*.(bak|ppu|ppw|o|so);*~;backup"/>
    </PublishOptions>
    <RunParams>
      <local>
        <FormatVersion Value="1"/>
        <LaunchingApplication PathPlusParams="/usr/X11R6/bin/xterm -T 'Lazarus Run Output' -e $(LazarusDir)/tools/runwait.sh $(TargetCmdLine)"/>
      </local>
    </RunParams>
    <RequiredPackages Count="2">
      <Item1>
        <PackageName Value="dcpcrypt"/>
      </Item1>
      <Item2>
        <PackageName Value="LCL"/>
      </Item2>
    </RequiredPackages>
    <Units Count="37">
      <Unit0>
        <Filename Value="mbackupw.lpr"/>
        <IsPartOfProject Value="True"/>
        <UnitName Value="mbackupw"/>
        <EditorIndex Value="1"/>
        <WindowIndex Value="0"/>
        <TopLine Value="1"/>
        <CursorPos X="3" Y="14"/>
        <UsageCount Value="332"/>
        <Loaded Value="True"/>
      </Unit0>
      <Unit1>
        <Filename Value="mainform.pas"/>
        <IsPartOfProject Value="True"/>
        <ComponentName Value="MForm"/>
        <ResourceBaseClass Value="Form"/>
        <UnitName Value="MainForm"/>
        <EditorIndex Value="3"/>
        <WindowIndex Value="0"/>
        <TopLine Value="195"/>
        <CursorPos X="9" Y="201"/>
        <UsageCount Value="332"/>
        <Loaded Value="True"/>
        <LoadedDesigner Value="True"/>
      </Unit1>
      <Unit2>
        <Filename Value="taskunit.pas"/>
        <IsPartOfProject Value="True"/>
        <UnitName Value="TaskUnit"/>
        <EditorIndex Value="5"/>
        <WindowIndex Value="0"/>
        <TopLine Value="376"/>
        <CursorPos X="1" Y="392"/>
        <UsageCount Value="332"/>
        <Bookmarks Count="4">
          <Item0 X="10" Y="1296" ID="0"/>
          <Item1 X="17" Y="4985" ID="1"/>
          <Item2 X="17" Y="2767" ID="2"/>
          <Item3 X="9" Y="522" ID="3"/>
        </Bookmarks>
        <Loaded Value="True"/>
      </Unit2>
      <Unit3>
        <Filename Value="IniLang.pas"/>
        <UnitName Value="IniLang"/>
        <TopLine Value="44"/>
        <CursorPos X="2" Y="81"/>
        <UsageCount Value="323"/>
      </Unit3>
      <Unit4>
        <Filename Value="taskthread.pas"/>
        <IsPartOfProject Value="True"/>
        <UnitName Value="taskthread"/>
        <IsVisibleTab Value="True"/>
        <EditorIndex Value="7"/>
        <WindowIndex Value="0"/>
        <TopLine Value="182"/>
        <CursorPos X="22" Y="200"/>
        <UsageCount Value="328"/>
        <Loaded Value="True"/>
      </Unit4>
      <Unit5>
        <Filename Value="frmtask.pas"/>
        <IsPartOfProject Value="True"/>
        <ComponentName Value="FormTask"/>
        <ResourceBaseClass Value="Form"/>
        <UnitName Value="FrmTask"/>
        <EditorIndex Value="11"/>
        <WindowIndex Value="0"/>
        <TopLine Value="646"/>
        <CursorPos X="1" Y="650"/>
        <UsageCount Value="325"/>
        <Loaded Value="True"/>
        <LoadedDesigner Value="True"/>
      </Unit5>
      <Unit6>
        <Filename Value="frmset.pas"/>
        <IsPartOfProject Value="True"/>
        <ComponentName Value="FormSet"/>
        <ResourceBaseClass Value="Form"/>
        <UnitName Value="frmset"/>
        <EditorIndex Value="0"/>
        <WindowIndex Value="0"/>
        <TopLine Value="85"/>
        <CursorPos X="10" Y="103"/>
        <UsageCount Value="322"/>
        <Loaded Value="True"/>
        <LoadedDesigner Value="True"/>
      </Unit6>
      <Unit7>
        <Filename Value="unitabout.pas"/>
        <IsPartOfProject Value="True"/>
        <ComponentName Value="FormAbout"/>
        <ResourceBaseClass Value="Form"/>
        <UnitName Value="UnitAbout"/>
        <EditorIndex Value="2"/>
        <WindowIndex Value="0"/>
        <TopLine Value="1"/>
        <CursorPos X="44" Y="11"/>
        <UsageCount Value="317"/>
        <Loaded Value="True"/>
        <LoadedDesigner Value="True"/>
      </Unit7>
      <Unit8>
        <Filename Value="MsgStrings.pas"/>
        <IsPartOfProject Value="True"/>
        <UnitName Value="msgstrings"/>
        <EditorIndex Value="16"/>
        <WindowIndex Value="0"/>
        <TopLine Value="68"/>
        <CursorPos X="25" Y="91"/>
        <UsageCount Value="200"/>
        <Loaded Value="True"/>
        <BuildFileIfActive Value="True"/>
      </Unit8>
      <Unit9>
        <Filename Value="sendmailunit.pas"/>
        <UnitName Value="SendMailUnit"/>
        <TopLine Value="1"/>
        <CursorPos X="21" Y="13"/>
        <UsageCount Value="278"/>
      </Unit9>
      <Unit10>
        <Filename Value="C:\lazarus\lcl\include\application.inc"/>
        <TopLine Value="892"/>
        <CursorPos X="1" Y="917"/>
        <UsageCount Value="121"/>
      </Unit10>
      <Unit11>
        <Filename Value="inilangc.pas"/>
        <UnitName Value="IniLangC"/>
        <TopLine Value="286"/>
        <CursorPos X="1" Y="311"/>
        <UsageCount Value="118"/>
      </Unit11>
      <Unit12>
        <Filename Value="C:\lazarus\lcl\include\listitem.inc"/>
        <TopLine Value="295"/>
        <CursorPos X="1" Y="314"/>
        <UsageCount Value="116"/>
      </Unit12>
      <Unit13>
        <Filename Value="potranslator.pas"/>
        <IsPartOfProject Value="True"/>
        <UnitName Value="PoTranslator"/>
        <EditorIndex Value="10"/>
        <WindowIndex Value="0"/>
        <TopLine Value="45"/>
        <CursorPos X="1" Y="81"/>
        <UsageCount Value="198"/>
        <Loaded Value="True"/>
      </Unit13>
      <Unit14>
        <Filename Value="C:\lazarus\lcl\translations.pas"/>
        <UnitName Value="Translations"/>
        <TopLine Value="347"/>
        <CursorPos X="1" Y="366"/>
        <UsageCount Value="4"/>
      </Unit14>
      <Unit15>
        <Filename Value="C:\lazarus\indy10\lazarus\IdDsnCoreResourceStrings.pas"/>
        <UnitName Value="IdDsnCoreResourceStrings"/>
        <TopLine Value="1"/>
        <CursorPos X="1" Y="1"/>
        <UsageCount Value="4"/>
      </Unit15>
      <Unit16>
        <Filename Value="C:\lazarus\ide\lazarus.pp"/>
        <UnitName Value="Lazarus"/>
        <TopLine Value="93"/>
        <CursorPos X="6" Y="124"/>
        <UsageCount Value="4"/>
      </Unit16>
      <Unit17>
        <Filename Value="setunit.pas"/>
        <IsPartOfProject Value="True"/>
        <UnitName Value="setunit"/>
        <EditorIndex Value="4"/>
        <WindowIndex Value="0"/>
        <TopLine Value="2"/>
        <CursorPos X="9" Y="20"/>
        <UsageCount Value="193"/>
        <Loaded Value="True"/>
      </Unit17>
      <Unit18>
        <Filename Value="unitfunc.pas"/>
        <IsPartOfProject Value="True"/>
        <UnitName Value="unitfunc"/>
        <EditorIndex Value="9"/>
        <WindowIndex Value="0"/>
        <TopLine Value="1"/>
        <CursorPos X="96" Y="12"/>
        <UsageCount Value="187"/>
        <Loaded Value="True"/>
      </Unit18>
      <Unit19>
        <Filename Value="C:\lazarus\fpc\2.2.4\source\packages\IdSMTP.pas"/>
        <UnitName Value="IdSMTP"/>
        <TopLine Value="188"/>
        <CursorPos X="60" Y="207"/>
        <UsageCount Value="13"/>
      </Unit19>
      <Unit20>
        <Filename Value="delfiles.pas"/>
        <IsPartOfProject Value="True"/>
        <UnitName Value="delfiles"/>
        <EditorIndex Value="6"/>
        <WindowIndex Value="0"/>
        <TopLine Value="15"/>
        <CursorPos X="9" Y="33"/>
        <UsageCount Value="167"/>
        <Loaded Value="True"/>
      </Unit20>
      <Unit21>
        <Filename Value="C:\lazarus\fpc\2.2.4\source\packages\indy\src\IdAttachmentFile.pas"/>
        <UnitName Value="IdAttachmentFile"/>
        <TopLine Value="120"/>
        <CursorPos X="6" Y="157"/>
        <UsageCount Value="6"/>
      </Unit21>
      <Unit22>
        <Filename Value="C:\lazarus\Synapse\source\lib\mimemess.pas"/>
        <UnitName Value="mimemess"/>
        <TopLine Value="696"/>
        <CursorPos X="51" Y="727"/>
        <UsageCount Value="5"/>
      </Unit22>
      <Unit23>
        <Filename Value="customfs.pas"/>
        <IsPartOfProject Value="True"/>
        <UnitName Value="customfs"/>
        <EditorIndex Value="13"/>
        <WindowIndex Value="0"/>
        <TopLine Value="43"/>
        <CursorPos X="20" Y="52"/>
        <UsageCount Value="158"/>
        <Loaded Value="True"/>
      </Unit23>
      <Unit24>
        <Filename Value="filefs.pas"/>
        <IsPartOfProject Value="True"/>
        <UnitName Value="filefs"/>
        <EditorIndex Value="14"/>
        <WindowIndex Value="0"/>
        <TopLine Value="1"/>
        <CursorPos X="1" Y="425"/>
        <UsageCount Value="158"/>
        <Loaded Value="True"/>
      </Unit24>
      <Unit25>
        <Filename Value="ftpfs.pas"/>
        <IsPartOfProject Value="True"/>
        <UnitName Value="ftpfs"/>
        <EditorIndex Value="15"/>
        <WindowIndex Value="0"/>
        <TopLine Value="59"/>
        <CursorPos X="12" Y="77"/>
        <UsageCount Value="156"/>
        <Loaded Value="True"/>
      </Unit25>
      <Unit26>
        <Filename Value="C:\lazarus\fpc\2.2.4\source\rtl\win\wininc\ascdef.inc"/>
        <TopLine Value="105"/>
        <CursorPos X="10" Y="124"/>
        <UsageCount Value="5"/>
      </Unit26>
      <Unit27>
        <Filename Value="C:\lazarus\Synapse\source\lib\synafpc.pas"/>
        <UnitName Value="synafpc"/>
        <TopLine Value="50"/>
        <CursorPos X="16" Y="69"/>
        <UsageCount Value="5"/>
      </Unit27>
      <Unit28>
        <Filename Value="logunit.pas"/>
        <IsPartOfProject Value="True"/>
        <UnitName Value="logunit"/>
        <EditorIndex Value="8"/>
        <WindowIndex Value="0"/>
        <TopLine Value="68"/>
        <CursorPos X="1" Y="87"/>
        <UsageCount Value="144"/>
        <Loaded Value="True"/>
      </Unit28>
      <Unit29>
        <Filename Value="frmftp.pas"/>
        <IsPartOfProject Value="True"/>
        <ComponentName Value="frmFTPParam"/>
        <ResourceBaseClass Value="Form"/>
        <UnitName Value="frmftp"/>
        <EditorIndex Value="12"/>
        <WindowIndex Value="0"/>
        <TopLine Value="133"/>
        <CursorPos X="41" Y="156"/>
        <UsageCount Value="118"/>
        <Loaded Value="True"/>
        <LoadedDesigner Value="True"/>
      </Unit29>
      <Unit30>
        <Filename Value="C:\lazarus\lcl\include\customform.inc"/>
        <TopLine Value="2296"/>
        <CursorPos X="1" Y="2315"/>
        <UsageCount Value="16"/>
      </Unit30>
      <Unit31>
        <Filename Value="C:\lazarus\lcl\include\control.inc"/>
        <TopLine Value="1839"/>
        <CursorPos X="1" Y="1858"/>
        <UsageCount Value="16"/>
      </Unit31>
      <Unit32>
        <Filename Value="C:\lazarus\Synapse\source\lib\ssl_openssl.pas"/>
        <UnitName Value="ssl_openssl"/>
        <TopLine Value="784"/>
        <CursorPos X="13" Y="818"/>
        <UsageCount Value="10"/>
      </Unit32>
      <Unit33>
        <Filename Value="C:\lazarus\Synapse\source\lib\blcksock.pas"/>
        <UnitName Value="blcksock"/>
        <TopLine Value="4132"/>
        <CursorPos X="3" Y="1409"/>
        <UsageCount Value="10"/>
      </Unit33>
      <Unit34>
        <Filename Value="C:\lazarus\Synapse\source\lib\ssl_openssl_lib.pas"/>
        <UnitName Value="ssl_openssl_lib"/>
        <TopLine Value="1848"/>
        <CursorPos X="3" Y="1697"/>
        <UsageCount Value="10"/>
      </Unit34>
      <Unit35>
        <Filename Value="C:\lazarus\lcl\include\fileutil.inc"/>
        <TopLine Value="1395"/>
        <CursorPos X="1" Y="1414"/>
        <UsageCount Value="11"/>
      </Unit35>
      <Unit36>
        <Filename Value="C:\lazarus\lcl\masks.pas"/>
        <UnitName Value="Masks"/>
        <TopLine Value="92"/>
        <CursorPos X="3" Y="96"/>
        <UsageCount Value="10"/>
      </Unit36>
    </Units>
    <JumpHistory Count="30" HistoryIndex="29">
      <Position1>
        <Filename Value="taskunit.pas"/>
        <Caret Line="3176" Column="1" TopLine="3157"/>
      </Position1>
      <Position2>
        <Filename Value="taskunit.pas"/>
        <Caret Line="3177" Column="1" TopLine="3158"/>
      </Position2>
      <Position3>
        <Filename Value="taskunit.pas"/>
        <Caret Line="3178" Column="1" TopLine="3159"/>
      </Position3>
      <Position4>
        <Filename Value="taskunit.pas"/>
        <Caret Line="3179" Column="1" TopLine="3160"/>
      </Position4>
      <Position5>
        <Filename Value="taskunit.pas"/>
        <Caret Line="3183" Column="1" TopLine="3164"/>
      </Position5>
      <Position6>
        <Filename Value="taskunit.pas"/>
        <Caret Line="3184" Column="1" TopLine="3165"/>
      </Position6>
      <Position7>
        <Filename Value="taskunit.pas"/>
        <Caret Line="3185" Column="1" TopLine="3166"/>
      </Position7>
      <Position8>
        <Filename Value="taskunit.pas"/>
        <Caret Line="3189" Column="1" TopLine="3170"/>
      </Position8>
      <Position9>
        <Filename Value="taskunit.pas"/>
        <Caret Line="3190" Column="1" TopLine="3171"/>
      </Position9>
      <Position10>
        <Filename Value="taskunit.pas"/>
        <Caret Line="3192" Column="1" TopLine="3149"/>
      </Position10>
      <Position11>
        <Filename Value="mainform.pas"/>
        <Caret Line="200" Column="9" TopLine="195"/>
      </Position11>
      <Position12>
        <Filename Value="setunit.pas"/>
        <Caret Line="138" Column="82" TopLine="118"/>
      </Position12>
      <Position13>
        <Filename Value="setunit.pas"/>
        <Caret Line="20" Column="11" TopLine="2"/>
      </Position13>
      <Position14>
        <Filename Value="delfiles.pas"/>
        <Caret Line="150" Column="31" TopLine="136"/>
      </Position14>
      <Position15>
        <Filename Value="delfiles.pas"/>
        <Caret Line="18" Column="8" TopLine="2"/>
      </Position15>
      <Position16>
        <Filename Value="ftpfs.pas"/>
        <Caret Line="162" Column="1" TopLine="156"/>
      </Position16>
      <Position17>
        <Filename Value="ftpfs.pas"/>
        <Caret Line="71" Column="11" TopLine="44"/>
      </Position17>
      <Position18>
        <Filename Value="taskunit.pas"/>
        <Caret Line="3010" Column="1" TopLine="115"/>
      </Position18>
      <Position19>
        <Filename Value="frmtask.pas"/>
        <Caret Line="487" Column="13" TopLine="463"/>
      </Position19>
      <Position20>
        <Filename Value="frmtask.pas"/>
        <Caret Line="146" Column="11" TopLine="128"/>
      </Position20>
      <Position21>
        <Filename Value="frmset.pas"/>
        <Caret Line="247" Column="39" TopLine="211"/>
      </Position21>
      <Position22>
        <Filename Value="mbackupw.lpr"/>
        <Caret Line="11" Column="60" TopLine="1"/>
      </Position22>
      <Position23>
        <Filename Value="mbackupw.lpr"/>
        <Caret Line="26" Column="1" TopLine="1"/>
      </Position23>
      <Position24>
        <Filename Value="mbackupw.lpr"/>
        <Caret Line="23" Column="7" TopLine="1"/>
      </Position24>
      <Position25>
        <Filename Value="mbackupw.lpr"/>
        <Caret Line="26" Column="1" TopLine="1"/>
      </Position25>
      <Position26>
        <Filename Value="mbackupw.lpr"/>
        <Caret Line="7" Column="7" TopLine="1"/>
      </Position26>
      <Position27>
        <Filename Value="mbackupw.lpr"/>
        <Caret Line="15" Column="1" TopLine="1"/>
      </Position27>
      <Position28>
        <Filename Value="mbackupw.lpr"/>
        <Caret Line="14" Column="1" TopLine="1"/>
      </Position28>
      <Position29>
        <Filename Value="frmtask.pas"/>
        <Caret Line="155" Column="10" TopLine="137"/>
      </Position29>
      <Position30>
        <Filename Value="taskthread.pas"/>
        <Caret Line="163" Column="3" TopLine="143"/>
      </Position30>
    </JumpHistory>
  </ProjectOptions>
  <CompilerOptions>
    <Version Value="9"/>
    <PathDelim Value="\"/>
    <SearchPaths>
      <IncludeFiles Value="$(ProjOutDir)"/>
      <OtherUnitFiles Value="C:\lazarus\Synapse\source\lib\"/>
      <UnitOutputDirectory Value="compile"/>
    </SearchPaths>
    <Linking>
      <Debugging>
        <GenerateDebugInfo Value="True"/>
      </Debugging>
      <Options>
        <Win32>
          <GraphicApplication Value="True"/>
        </Win32>
      </Options>
    </Linking>
    <Other>
      <CompilerMessages>
        <UseMsgFile Value="True"/>
      </CompilerMessages>
      <CompilerPath Value="$(CompPath)"/>
    </Other>
  </CompilerOptions>
  <Debugging>
    <Exceptions Count="4">
      <Item1>
        <Name Value="EAbort"/>
      </Item1>
      <Item2>
        <Name Value="ECodetoolError"/>
      </Item2>
      <Item3>
        <Name Value="EFOpenError"/>
      </Item3>
      <Item4>
        <Name Value="EIdSMTPReplyError"/>
      </Item4>
    </Exceptions>
  </Debugging>
</CONFIG>
