<?xml version="1.0"?>
<CONFIG>
  <ProjectOptions>
    <Version Value="9"/>
    <PathDelim Value="\"/>
    <General>
      <Flags>
        <LRSInOutputDirectory Value="False"/>
      </Flags>
      <MainUnit Value="0"/>
      <Title Value="mbackup"/>
      <ActiveWindowIndexAtStart Value="0"/>
    </General>
    <VersionInfo>
      <Language Value=""/>
      <CharSet Value=""/>
      <StringTable ProductVersion=""/>
    </VersionInfo>
    <BuildModes Count="1">
      <Item1 Name="default" Default="True"/>
    </BuildModes>
    <PublishOptions>
      <Version Value="2"/>
      <IgnoreBinaries Value="False"/>
      <IncludeFileFilter Value="*.(pas|pp|inc|lfm|lpr|lrs|lpi|lpk|sh|xml)"/>
      <ExcludeFileFilter Value="*.(bak|ppu|ppw|o|so);*~;backup"/>
    </PublishOptions>
    <RunParams>
      <local>
        <FormatVersion Value="1"/>
        <CommandLineParams Value="-r"/>
        <LaunchingApplication PathPlusParams="/usr/X11R6/bin/xterm -T 'Lazarus Run Output' -e $(LazarusDir)/tools/runwait.sh $(TargetCmdLine)"/>
      </local>
    </RunParams>
    <RequiredPackages Count="1">
      <Item1>
        <PackageName Value="dcpcrypt"/>
      </Item1>
    </RequiredPackages>
    <Units Count="17">
      <Unit0>
        <Filename Value="mbackup.lpr"/>
        <IsPartOfProject Value="True"/>
        <UnitName Value="mbackup"/>
        <EditorIndex Value="0"/>
        <WindowIndex Value="0"/>
        <TopLine Value="38"/>
        <CursorPos X="31" Y="48"/>
        <UsageCount Value="61"/>
        <Loaded Value="True"/>
        <LoadedDesigner Value="True"/>
      </Unit0>
      <Unit1>
        <Filename Value="backup.pas"/>
        <IsPartOfProject Value="True"/>
        <UnitName Value="backup"/>
        <EditorIndex Value="2"/>
        <WindowIndex Value="0"/>
        <TopLine Value="108"/>
        <CursorPos X="3" Y="73"/>
        <UsageCount Value="56"/>
        <Bookmarks Count="1">
          <Item0 X="22" Y="519" ID="1"/>
        </Bookmarks>
        <Loaded Value="True"/>
      </Unit1>
      <Unit2>
        <Filename Value="inilangc.pas"/>
        <UnitName Value="IniLangC"/>
        <TopLine Value="1"/>
        <CursorPos X="1" Y="1"/>
        <UsageCount Value="10"/>
      </Unit2>
      <Unit3>
        <Filename Value="sendmailunit.pas"/>
        <UnitName Value="SendMailUnit"/>
        <TopLine Value="28"/>
        <CursorPos X="32" Y="28"/>
        <UsageCount Value="10"/>
      </Unit3>
      <Unit4>
        <Filename Value="C:\lazarus\lcl\fileutil.pas"/>
        <UnitName Value="FileUtil"/>
        <TopLine Value="215"/>
        <CursorPos X="2" Y="237"/>
        <UsageCount Value="9"/>
      </Unit4>
      <Unit5>
        <Filename Value="C:\lazarus\lcl\include\fileutil.inc"/>
        <TopLine Value="1"/>
        <CursorPos X="1" Y="1"/>
        <UsageCount Value="9"/>
      </Unit5>
      <Unit6>
        <Filename Value="unitfunc.pas"/>
        <UnitName Value="unitfunc"/>
        <EditorIndex Value="1"/>
        <WindowIndex Value="0"/>
        <TopLine Value="1"/>
        <CursorPos X="25" Y="8"/>
        <UsageCount Value="24"/>
        <Loaded Value="True"/>
      </Unit6>
      <Unit7>
        <Filename Value="filterprop.pas"/>
        <IsPartOfProject Value="True"/>
        <UnitName Value="filterprop"/>
        <EditorIndex Value="5"/>
        <WindowIndex Value="0"/>
        <TopLine Value="146"/>
        <CursorPos X="26" Y="176"/>
        <UsageCount Value="53"/>
        <Loaded Value="True"/>
      </Unit7>
      <Unit8>
        <Filename Value="customfs.pas"/>
        <UnitName Value="customfs"/>
        <EditorIndex Value="7"/>
        <WindowIndex Value="0"/>
        <TopLine Value="29"/>
        <CursorPos X="28" Y="41"/>
        <UsageCount Value="22"/>
        <Loaded Value="True"/>
      </Unit8>
      <Unit9>
        <Filename Value="filefs.pas"/>
        <UnitName Value="filefs"/>
        <WindowIndex Value="0"/>
        <TopLine Value="43"/>
        <CursorPos X="1" Y="1"/>
        <UsageCount Value="9"/>
      </Unit9>
      <Unit10>
        <Filename Value="filter.pas"/>
        <IsPartOfProject Value="True"/>
        <UnitName Value="filter"/>
        <EditorIndex Value="6"/>
        <WindowIndex Value="0"/>
        <TopLine Value="8"/>
        <CursorPos X="28" Y="38"/>
        <UsageCount Value="44"/>
        <Loaded Value="True"/>
      </Unit10>
      <Unit11>
        <Filename Value="tasklist.pas"/>
        <IsPartOfProject Value="True"/>
        <UnitName Value="tasklist"/>
        <IsVisibleTab Value="True"/>
        <EditorIndex Value="3"/>
        <WindowIndex Value="0"/>
        <TopLine Value="74"/>
        <CursorPos X="3" Y="89"/>
        <UsageCount Value="42"/>
        <Loaded Value="True"/>
      </Unit11>
      <Unit12>
        <Filename Value="task.pas"/>
        <IsPartOfProject Value="True"/>
        <UnitName Value="task"/>
        <EditorIndex Value="4"/>
        <WindowIndex Value="0"/>
        <TopLine Value="214"/>
        <CursorPos X="26" Y="244"/>
        <UsageCount Value="40"/>
        <Loaded Value="True"/>
      </Unit12>
      <Unit13>
        <Filename Value="C:\lazarus\fpc\2.4.2\source\rtl\win32\classes.pp"/>
        <UnitName Value="Classes"/>
        <WindowIndex Value="0"/>
        <TopLine Value="33"/>
        <CursorPos X="7" Y="44"/>
        <UsageCount Value="11"/>
      </Unit13>
      <Unit14>
        <Filename Value="C:\lazarus\fpc\2.4.2\source\rtl\objpas\classes\classes.inc"/>
        <WindowIndex Value="0"/>
        <TopLine Value="34"/>
        <CursorPos X="7" Y="58"/>
        <UsageCount Value="11"/>
      </Unit14>
      <Unit15>
        <Filename Value="C:\lazarus\fpc\2.4.2\source\rtl\objpas\classes\stringl.inc"/>
        <WindowIndex Value="0"/>
        <TopLine Value="988"/>
        <CursorPos X="25" Y="1013"/>
        <UsageCount Value="11"/>
      </Unit15>
      <Unit16>
        <Filename Value="C:\lazarus\fpc\2.4.2\source\rtl\objpas\classes\classesh.inc"/>
        <WindowIndex Value="0"/>
        <TopLine Value="567"/>
        <CursorPos X="1" Y="1"/>
        <UsageCount Value="11"/>
      </Unit16>
    </Units>
    <JumpHistory Count="30" HistoryIndex="29">
      <Position1>
        <Filename Value="tasklist.pas"/>
        <Caret Line="78" Column="23" TopLine="48"/>
      </Position1>
      <Position2>
        <Filename Value="tasklist.pas"/>
        <Caret Line="129" Column="27" TopLine="99"/>
      </Position2>
      <Position3>
        <Filename Value="tasklist.pas"/>
        <Caret Line="133" Column="27" TopLine="103"/>
      </Position3>
      <Position4>
        <Filename Value="tasklist.pas"/>
        <Caret Line="143" Column="22" TopLine="113"/>
      </Position4>
      <Position5>
        <Filename Value="task.pas"/>
        <Caret Line="2" Column="61" TopLine="1"/>
      </Position5>
      <Position6>
        <Filename Value="task.pas"/>
        <Caret Line="138" Column="29" TopLine="108"/>
      </Position6>
      <Position7>
        <Filename Value="task.pas"/>
        <Caret Line="139" Column="29" TopLine="109"/>
      </Position7>
      <Position8>
        <Filename Value="task.pas"/>
        <Caret Line="140" Column="29" TopLine="110"/>
      </Position8>
      <Position9>
        <Filename Value="task.pas"/>
        <Caret Line="174" Column="25" TopLine="144"/>
      </Position9>
      <Position10>
        <Filename Value="task.pas"/>
        <Caret Line="176" Column="19" TopLine="146"/>
      </Position10>
      <Position11>
        <Filename Value="task.pas"/>
        <Caret Line="178" Column="25" TopLine="148"/>
      </Position11>
      <Position12>
        <Filename Value="task.pas"/>
        <Caret Line="223" Column="51" TopLine="193"/>
      </Position12>
      <Position13>
        <Filename Value="task.pas"/>
        <Caret Line="227" Column="62" TopLine="197"/>
      </Position13>
      <Position14>
        <Filename Value="task.pas"/>
        <Caret Line="231" Column="25" TopLine="201"/>
      </Position14>
      <Position15>
        <Filename Value="task.pas"/>
        <Caret Line="233" Column="18" TopLine="203"/>
      </Position15>
      <Position16>
        <Filename Value="task.pas"/>
        <Caret Line="235" Column="26" TopLine="205"/>
      </Position16>
      <Position17>
        <Filename Value="task.pas"/>
        <Caret Line="240" Column="25" TopLine="210"/>
      </Position17>
      <Position18>
        <Filename Value="task.pas"/>
        <Caret Line="242" Column="18" TopLine="212"/>
      </Position18>
      <Position19>
        <Filename Value="filterprop.pas"/>
        <Caret Line="3" Column="29" TopLine="1"/>
      </Position19>
      <Position20>
        <Filename Value="filterprop.pas"/>
        <Caret Line="46" Column="24" TopLine="16"/>
      </Position20>
      <Position21>
        <Filename Value="filterprop.pas"/>
        <Caret Line="167" Column="29" TopLine="137"/>
      </Position21>
      <Position22>
        <Filename Value="filterprop.pas"/>
        <Caret Line="169" Column="19" TopLine="139"/>
      </Position22>
      <Position23>
        <Filename Value="filterprop.pas"/>
        <Caret Line="174" Column="25" TopLine="144"/>
      </Position23>
      <Position24>
        <Filename Value="filterprop.pas"/>
        <Caret Line="175" Column="26" TopLine="145"/>
      </Position24>
      <Position25>
        <Filename Value="filter.pas"/>
        <Caret Line="1" Column="60" TopLine="1"/>
      </Position25>
      <Position26>
        <Filename Value="filter.pas"/>
        <Caret Line="19" Column="25" TopLine="1"/>
      </Position26>
      <Position27>
        <Filename Value="filter.pas"/>
        <Caret Line="34" Column="27" TopLine="4"/>
      </Position27>
      <Position28>
        <Filename Value="filter.pas"/>
        <Caret Line="36" Column="17" TopLine="6"/>
      </Position28>
      <Position29>
        <Filename Value="filter.pas"/>
        <Caret Line="37" Column="28" TopLine="7"/>
      </Position29>
      <Position30>
        <Filename Value="tasklist.pas"/>
        <Caret Line="160" Column="22" TopLine="130"/>
      </Position30>
    </JumpHistory>
  </ProjectOptions>
  <CompilerOptions>
    <Version Value="9"/>
    <PathDelim Value="\"/>
    <SearchPaths>
      <IncludeFiles Value="include"/>
      <OtherUnitFiles Value="$(LazarusDir)\lcl\units\$(TargetCPU)-$(TargetOS);$(LazarusDir)\lcl;C:\lazarus\Synapse\source\lib\"/>
      <UnitOutputDirectory Value="compile"/>
    </SearchPaths>
    <Parsing>
      <SyntaxOptions>
        <CStyleOperator Value="False"/>
      </SyntaxOptions>
    </Parsing>
    <Other>
      <CompilerMessages>
        <UseMsgFile Value="True"/>
      </CompilerMessages>
      <CompilerPath Value="$(CompPath)"/>
    </Other>
  </CompilerOptions>
  <Debugging>
    <Exceptions Count="2">
      <Item1>
        <Name Value="ECodetoolError"/>
      </Item1>
      <Item2>
        <Name Value="EFOpenError"/>
      </Item2>
    </Exceptions>
  </Debugging>
</CONFIG>
