<?xml version="1.0"?>
<CONFIG>
  <ProjectOptions>
    <Version Value="9"/>
    <PathDelim Value="\"/>
    <General>
      <Flags>
        <LRSInOutputDirectory Value="False"/>
      </Flags>
      <MainUnit Value="0"/>
      <Title Value="mbackup"/>
      <ActiveWindowIndexAtStart Value="0"/>
    </General>
    <VersionInfo>
      <Language Value=""/>
      <CharSet Value=""/>
      <StringTable ProductVersion=""/>
    </VersionInfo>
    <BuildModes Count="1">
      <Item1 Name="default" Default="True"/>
    </BuildModes>
    <PublishOptions>
      <Version Value="2"/>
      <IgnoreBinaries Value="False"/>
      <IncludeFileFilter Value="*.(pas|pp|inc|lfm|lpr|lrs|lpi|lpk|sh|xml)"/>
      <ExcludeFileFilter Value="*.(bak|ppu|ppw|o|so);*~;backup"/>
    </PublishOptions>
    <RunParams>
      <local>
        <FormatVersion Value="1"/>
        <CommandLineParams Value="-r"/>
        <LaunchingApplication PathPlusParams="/usr/X11R6/bin/xterm -T 'Lazarus Run Output' -e $(LazarusDir)/tools/runwait.sh $(TargetCmdLine)"/>
      </local>
    </RunParams>
    <RequiredPackages Count="1">
      <Item1>
        <PackageName Value="dcpcrypt"/>
      </Item1>
    </RequiredPackages>
    <Units Count="17">
      <Unit0>
        <Filename Value="mbackup.lpr"/>
        <IsPartOfProject Value="True"/>
        <UnitName Value="mbackup"/>
        <EditorIndex Value="0"/>
        <WindowIndex Value="0"/>
        <TopLine Value="38"/>
        <CursorPos X="31" Y="48"/>
        <UsageCount Value="54"/>
        <Loaded Value="True"/>
        <LoadedDesigner Value="True"/>
      </Unit0>
      <Unit1>
        <Filename Value="backup.pas"/>
        <IsPartOfProject Value="True"/>
        <UnitName Value="backup"/>
        <EditorIndex Value="2"/>
        <WindowIndex Value="0"/>
        <TopLine Value="108"/>
        <CursorPos X="3" Y="73"/>
        <UsageCount Value="49"/>
        <Bookmarks Count="1">
          <Item0 X="22" Y="519" ID="1"/>
        </Bookmarks>
        <Loaded Value="True"/>
      </Unit1>
      <Unit2>
        <Filename Value="inilangc.pas"/>
        <UnitName Value="IniLangC"/>
        <TopLine Value="1"/>
        <CursorPos X="1" Y="1"/>
        <UsageCount Value="11"/>
      </Unit2>
      <Unit3>
        <Filename Value="sendmailunit.pas"/>
        <UnitName Value="SendMailUnit"/>
        <TopLine Value="28"/>
        <CursorPos X="32" Y="28"/>
        <UsageCount Value="11"/>
      </Unit3>
      <Unit4>
        <Filename Value="C:\lazarus\lcl\fileutil.pas"/>
        <UnitName Value="FileUtil"/>
        <TopLine Value="215"/>
        <CursorPos X="2" Y="237"/>
        <UsageCount Value="10"/>
      </Unit4>
      <Unit5>
        <Filename Value="C:\lazarus\lcl\include\fileutil.inc"/>
        <TopLine Value="1"/>
        <CursorPos X="1" Y="1"/>
        <UsageCount Value="10"/>
      </Unit5>
      <Unit6>
        <Filename Value="unitfunc.pas"/>
        <UnitName Value="unitfunc"/>
        <EditorIndex Value="1"/>
        <WindowIndex Value="0"/>
        <TopLine Value="1"/>
        <CursorPos X="25" Y="8"/>
        <UsageCount Value="21"/>
        <Loaded Value="True"/>
      </Unit6>
      <Unit7>
        <Filename Value="filterprop.pas"/>
        <IsPartOfProject Value="True"/>
        <UnitName Value="filterprop"/>
        <EditorIndex Value="5"/>
        <WindowIndex Value="0"/>
        <TopLine Value="250"/>
        <CursorPos X="28" Y="26"/>
        <UsageCount Value="46"/>
        <Loaded Value="True"/>
      </Unit7>
      <Unit8>
        <Filename Value="customfs.pas"/>
        <UnitName Value="customfs"/>
        <EditorIndex Value="7"/>
        <WindowIndex Value="0"/>
        <TopLine Value="29"/>
        <CursorPos X="28" Y="41"/>
        <UsageCount Value="19"/>
        <Loaded Value="True"/>
      </Unit8>
      <Unit9>
        <Filename Value="filefs.pas"/>
        <UnitName Value="filefs"/>
        <WindowIndex Value="0"/>
        <TopLine Value="43"/>
        <CursorPos X="1" Y="1"/>
        <UsageCount Value="10"/>
      </Unit9>
      <Unit10>
        <Filename Value="filter.pas"/>
        <IsPartOfProject Value="True"/>
        <UnitName Value="filter"/>
        <EditorIndex Value="6"/>
        <WindowIndex Value="0"/>
        <TopLine Value="53"/>
        <CursorPos X="44" Y="89"/>
        <UsageCount Value="37"/>
        <Loaded Value="True"/>
      </Unit10>
      <Unit11>
        <Filename Value="tasklist.pas"/>
        <IsPartOfProject Value="True"/>
        <UnitName Value="tasklist"/>
        <EditorIndex Value="3"/>
        <WindowIndex Value="0"/>
        <TopLine Value="22"/>
        <CursorPos X="13" Y="208"/>
        <UsageCount Value="35"/>
        <Loaded Value="True"/>
      </Unit11>
      <Unit12>
        <Filename Value="task.pas"/>
        <IsPartOfProject Value="True"/>
        <UnitName Value="task"/>
        <IsVisibleTab Value="True"/>
        <EditorIndex Value="4"/>
        <WindowIndex Value="0"/>
        <TopLine Value="223"/>
        <CursorPos X="81" Y="240"/>
        <UsageCount Value="33"/>
        <Loaded Value="True"/>
      </Unit12>
      <Unit13>
        <Filename Value="C:\lazarus\fpc\2.4.2\source\rtl\win32\classes.pp"/>
        <UnitName Value="Classes"/>
        <WindowIndex Value="0"/>
        <TopLine Value="33"/>
        <CursorPos X="7" Y="44"/>
        <UsageCount Value="12"/>
      </Unit13>
      <Unit14>
        <Filename Value="C:\lazarus\fpc\2.4.2\source\rtl\objpas\classes\classes.inc"/>
        <WindowIndex Value="0"/>
        <TopLine Value="34"/>
        <CursorPos X="7" Y="58"/>
        <UsageCount Value="12"/>
      </Unit14>
      <Unit15>
        <Filename Value="C:\lazarus\fpc\2.4.2\source\rtl\objpas\classes\stringl.inc"/>
        <WindowIndex Value="0"/>
        <TopLine Value="988"/>
        <CursorPos X="25" Y="1013"/>
        <UsageCount Value="12"/>
      </Unit15>
      <Unit16>
        <Filename Value="C:\lazarus\fpc\2.4.2\source\rtl\objpas\classes\classesh.inc"/>
        <WindowIndex Value="0"/>
        <TopLine Value="567"/>
        <CursorPos X="1" Y="1"/>
        <UsageCount Value="12"/>
      </Unit16>
    </Units>
    <JumpHistory Count="26" HistoryIndex="25">
      <Position1>
        <Filename Value="tasklist.pas"/>
        <Caret Line="90" Column="30" TopLine="71"/>
      </Position1>
      <Position2>
        <Filename Value="tasklist.pas"/>
        <Caret Line="92" Column="21" TopLine="71"/>
      </Position2>
      <Position3>
        <Filename Value="backup.pas"/>
        <Caret Line="2156" Column="44" TopLine="1"/>
      </Position3>
      <Position4>
        <Filename Value="backup.pas"/>
        <Caret Line="2149" Column="2" TopLine="2135"/>
      </Position4>
      <Position5>
        <Filename Value="task.pas"/>
        <Caret Line="249" Column="5" TopLine="227"/>
      </Position5>
      <Position6>
        <Filename Value="task.pas"/>
        <Caret Line="141" Column="55" TopLine="112"/>
      </Position6>
      <Position7>
        <Filename Value="task.pas"/>
        <Caret Line="239" Column="3" TopLine="220"/>
      </Position7>
      <Position8>
        <Filename Value="backup.pas"/>
        <Caret Line="3861" Column="5" TopLine="3832"/>
      </Position8>
      <Position9>
        <Filename Value="task.pas"/>
        <Caret Line="421" Column="30" TopLine="387"/>
      </Position9>
      <Position10>
        <Filename Value="backup.pas"/>
        <Caret Line="3669" Column="8" TopLine="3643"/>
      </Position10>
      <Position11>
        <Filename Value="tasklist.pas"/>
        <Caret Line="103" Column="11" TopLine="76"/>
      </Position11>
      <Position12>
        <Filename Value="backup.pas"/>
        <Caret Line="3562" Column="48" TopLine="3535"/>
      </Position12>
      <Position13>
        <Filename Value="backup.pas"/>
        <Caret Line="3543" Column="3" TopLine="3534"/>
      </Position13>
      <Position14>
        <Filename Value="backup.pas"/>
        <Caret Line="119" Column="3" TopLine="100"/>
      </Position14>
      <Position15>
        <Filename Value="backup.pas"/>
        <Caret Line="516" Column="9" TopLine="497"/>
      </Position15>
      <Position16>
        <Filename Value="backup.pas"/>
        <Caret Line="588" Column="15" TopLine="569"/>
      </Position16>
      <Position17>
        <Filename Value="backup.pas"/>
        <Caret Line="131" Column="3" TopLine="112"/>
      </Position17>
      <Position18>
        <Filename Value="backup.pas"/>
        <Caret Line="175" Column="3" TopLine="156"/>
      </Position18>
      <Position19>
        <Filename Value="backup.pas"/>
        <Caret Line="177" Column="3" TopLine="158"/>
      </Position19>
      <Position20>
        <Filename Value="backup.pas"/>
        <Caret Line="237" Column="3" TopLine="216"/>
      </Position20>
      <Position21>
        <Filename Value="backup.pas"/>
        <Caret Line="259" Column="3" TopLine="240"/>
      </Position21>
      <Position22>
        <Filename Value="backup.pas"/>
        <Caret Line="649" Column="42" TopLine="630"/>
      </Position22>
      <Position23>
        <Filename Value="tasklist.pas"/>
        <Caret Line="48" Column="103" TopLine="30"/>
      </Position23>
      <Position24>
        <Filename Value="backup.pas"/>
        <Caret Line="811" Column="2" TopLine="782"/>
      </Position24>
      <Position25>
        <Filename Value="backup.pas"/>
        <Caret Line="1168" Column="17" TopLine="1149"/>
      </Position25>
      <Position26>
        <Filename Value="mbackup.lpr"/>
        <Caret Line="9" Column="58" TopLine="1"/>
      </Position26>
    </JumpHistory>
  </ProjectOptions>
  <CompilerOptions>
    <Version Value="9"/>
    <PathDelim Value="\"/>
    <SearchPaths>
      <IncludeFiles Value="include"/>
      <OtherUnitFiles Value="$(LazarusDir)\lcl\units\$(TargetCPU)-$(TargetOS);$(LazarusDir)\lcl;C:\lazarus\Synapse\source\lib\"/>
      <UnitOutputDirectory Value="compile"/>
    </SearchPaths>
    <Parsing>
      <SyntaxOptions>
        <CStyleOperator Value="False"/>
      </SyntaxOptions>
    </Parsing>
    <Other>
      <CompilerMessages>
        <UseMsgFile Value="True"/>
      </CompilerMessages>
      <CompilerPath Value="$(CompPath)"/>
    </Other>
  </CompilerOptions>
  <Debugging>
    <Exceptions Count="2">
      <Item1>
        <Name Value="ECodetoolError"/>
      </Item1>
      <Item2>
        <Name Value="EFOpenError"/>
      </Item2>
    </Exceptions>
  </Debugging>
</CONFIG>
