<?xml version="1.0"?>
<CONFIG>
  <ProjectOptions>
    <PathDelim Value="\"/>
    <Version Value="7"/>
    <General>
      <MainUnit Value="0"/>
      <TargetFileExt Value=".exe"/>
      <Title Value="mbackupw"/>
      <Icon Value="0"/>
      <UseXPManifest Value="True"/>
      <ActiveEditorIndexAtStart Value="6"/>
    </General>
    <i18n>
      <EnableI18N Value="True"/>
      <OutDir Value="Lang"/>
    </i18n>
    <VersionInfo>
      <ProjectVersion Value=""/>
    </VersionInfo>
    <PublishOptions>
      <Version Value="2"/>
      <IgnoreBinaries Value="False"/>
      <IncludeFileFilter Value="*.(pas|pp|inc|lfm|lpr|lrs|lpi|lpk|sh|xml)"/>
      <ExcludeFileFilter Value="*.(bak|ppu|ppw|o|so);*~;backup"/>
    </PublishOptions>
    <RunParams>
      <local>
        <FormatVersion Value="1"/>
        <LaunchingApplication PathPlusParams="/usr/X11R6/bin/xterm -T 'Lazarus Run Output' -e $(LazarusDir)/tools/runwait.sh $(TargetCmdLine)"/>
      </local>
    </RunParams>
    <RequiredPackages Count="1">
      <Item1>
        <PackageName Value="LCL"/>
      </Item1>
    </RequiredPackages>
    <Units Count="23">
      <Unit0>
        <Filename Value="mbackupw.lpr"/>
        <IsPartOfProject Value="True"/>
        <UnitName Value="mbackupw"/>
        <CursorPos X="23" Y="13"/>
        <TopLine Value="1"/>
        <EditorIndex Value="0"/>
        <UsageCount Value="332"/>
        <Loaded Value="True"/>
      </Unit0>
      <Unit1>
        <Filename Value="mainform.pas"/>
        <IsPartOfProject Value="True"/>
        <ComponentName Value="MForm"/>
        <ResourceBaseClass Value="Form"/>
        <UnitName Value="MainForm"/>
        <CursorPos X="3" Y="364"/>
        <TopLine Value="364"/>
        <EditorIndex Value="2"/>
        <UsageCount Value="332"/>
        <Loaded Value="True"/>
      </Unit1>
      <Unit2>
        <Filename Value="taskunit.pas"/>
        <IsPartOfProject Value="True"/>
        <UnitName Value="TaskUnit"/>
        <CursorPos X="28" Y="537"/>
        <TopLine Value="503"/>
        <EditorIndex Value="6"/>
        <UsageCount Value="332"/>
        <Bookmarks Count="3">
          <Item0 X="17" Y="1252" ID="0"/>
          <Item1 X="3" Y="1816" ID="1"/>
          <Item2 X="5" Y="1106" ID="2"/>
        </Bookmarks>
        <Loaded Value="True"/>
      </Unit2>
      <Unit3>
        <Filename Value="IniLang.pas"/>
        <UnitName Value="IniLang"/>
        <CursorPos X="2" Y="81"/>
        <TopLine Value="44"/>
        <UsageCount Value="328"/>
      </Unit3>
      <Unit4>
        <Filename Value="taskthread.pas"/>
        <IsPartOfProject Value="True"/>
        <UnitName Value="taskthread"/>
        <CursorPos X="51" Y="193"/>
        <TopLine Value="173"/>
        <EditorIndex Value="5"/>
        <UsageCount Value="328"/>
        <Loaded Value="True"/>
      </Unit4>
      <Unit5>
        <Filename Value="frmtask.pas"/>
        <IsPartOfProject Value="True"/>
        <ComponentName Value="FormTask"/>
        <ResourceBaseClass Value="Form"/>
        <UnitName Value="FrmTask"/>
        <CursorPos X="27" Y="619"/>
        <TopLine Value="602"/>
        <EditorIndex Value="11"/>
        <UsageCount Value="325"/>
        <Loaded Value="True"/>
      </Unit5>
      <Unit6>
        <Filename Value="frmset.pas"/>
        <IsPartOfProject Value="True"/>
        <ComponentName Value="FormSet"/>
        <ResourceBaseClass Value="Form"/>
        <UnitName Value="frmset"/>
        <CursorPos X="29" Y="233"/>
        <TopLine Value="223"/>
        <EditorIndex Value="1"/>
        <UsageCount Value="322"/>
        <Loaded Value="True"/>
      </Unit6>
      <Unit7>
        <Filename Value="unitabout.pas"/>
        <IsPartOfProject Value="True"/>
        <ComponentName Value="FormAbout"/>
        <ResourceBaseClass Value="Form"/>
        <UnitName Value="UnitAbout"/>
        <CursorPos X="1" Y="63"/>
        <TopLine Value="36"/>
        <EditorIndex Value="10"/>
        <UsageCount Value="317"/>
        <Loaded Value="True"/>
      </Unit7>
      <Unit8>
        <Filename Value="MsgStrings.pas"/>
        <IsPartOfProject Value="True"/>
        <UnitName Value="msgstrings"/>
        <CursorPos X="2" Y="100"/>
        <TopLine Value="65"/>
        <EditorIndex Value="3"/>
        <UsageCount Value="164"/>
        <Loaded Value="True"/>
        <BuildFileIfActive Value="True"/>
      </Unit8>
      <Unit9>
        <Filename Value="sendmailunit.pas"/>
        <UnitName Value="SendMailUnit"/>
        <CursorPos X="21" Y="13"/>
        <TopLine Value="1"/>
        <UsageCount Value="283"/>
      </Unit9>
      <Unit10>
        <Filename Value="C:\lazarus\lcl\include\application.inc"/>
        <CursorPos X="87" Y="919"/>
        <TopLine Value="904"/>
        <UsageCount Value="126"/>
      </Unit10>
      <Unit11>
        <Filename Value="inilangc.pas"/>
        <UnitName Value="IniLangC"/>
        <CursorPos X="1" Y="311"/>
        <TopLine Value="286"/>
        <UsageCount Value="123"/>
      </Unit11>
      <Unit12>
        <Filename Value="C:\lazarus\lcl\include\listitem.inc"/>
        <CursorPos X="1" Y="314"/>
        <TopLine Value="299"/>
        <UsageCount Value="120"/>
      </Unit12>
      <Unit13>
        <Filename Value="potranslator.pas"/>
        <IsPartOfProject Value="True"/>
        <UnitName Value="PoTranslator"/>
        <CursorPos X="1" Y="81"/>
        <TopLine Value="60"/>
        <EditorIndex Value="9"/>
        <UsageCount Value="59"/>
        <Loaded Value="True"/>
      </Unit13>
      <Unit14>
        <Filename Value="C:\lazarus\lcl\translations.pas"/>
        <UnitName Value="Translations"/>
        <CursorPos X="1" Y="366"/>
        <TopLine Value="347"/>
        <UsageCount Value="9"/>
      </Unit14>
      <Unit15>
        <Filename Value="C:\lazarus\indy10\lazarus\IdDsnCoreResourceStrings.pas"/>
        <UnitName Value="IdDsnCoreResourceStrings"/>
        <CursorPos X="1" Y="1"/>
        <TopLine Value="1"/>
        <UsageCount Value="9"/>
        <SyntaxHighlighter Value="Delphi"/>
      </Unit15>
      <Unit16>
        <Filename Value="C:\lazarus\ide\lazarus.pp"/>
        <UnitName Value="Lazarus"/>
        <CursorPos X="6" Y="124"/>
        <TopLine Value="93"/>
        <UsageCount Value="9"/>
      </Unit16>
      <Unit17>
        <Filename Value="setunit.pas"/>
        <IsPartOfProject Value="True"/>
        <UnitName Value="setunit"/>
        <CursorPos X="1" Y="93"/>
        <TopLine Value="68"/>
        <EditorIndex Value="4"/>
        <UsageCount Value="54"/>
        <Loaded Value="True"/>
      </Unit17>
      <Unit18>
        <Filename Value="unitfunc.pas"/>
        <IsPartOfProject Value="True"/>
        <UnitName Value="unitfunc"/>
        <CursorPos X="30" Y="48"/>
        <TopLine Value="15"/>
        <EditorIndex Value="8"/>
        <UsageCount Value="48"/>
        <Loaded Value="True"/>
      </Unit18>
      <Unit19>
        <Filename Value="C:\lazarus\fpc\2.2.4\source\packages\IdSMTP.pas"/>
        <UnitName Value="IdSMTP"/>
        <CursorPos X="60" Y="207"/>
        <TopLine Value="188"/>
        <UsageCount Value="18"/>
      </Unit19>
      <Unit20>
        <Filename Value="delfiles.pas"/>
        <IsPartOfProject Value="True"/>
        <UnitName Value="delfiles"/>
        <CursorPos X="85" Y="11"/>
        <TopLine Value="11"/>
        <EditorIndex Value="7"/>
        <UsageCount Value="28"/>
        <Loaded Value="True"/>
      </Unit20>
      <Unit21>
        <Filename Value="C:\lazarus\fpc\2.2.4\source\packages\indy\src\IdAttachmentFile.pas"/>
        <UnitName Value="IdAttachmentFile"/>
        <CursorPos X="6" Y="157"/>
        <TopLine Value="120"/>
        <UsageCount Value="11"/>
      </Unit21>
      <Unit22>
        <Filename Value="C:\lazarus\Synapse\source\lib\mimemess.pas"/>
        <UnitName Value="mimemess"/>
        <CursorPos X="51" Y="727"/>
        <TopLine Value="696"/>
        <UsageCount Value="10"/>
      </Unit22>
    </Units>
    <JumpHistory Count="29" HistoryIndex="28">
      <Position1>
        <Filename Value="delfiles.pas"/>
        <Caret Line="213" Column="68" TopLine="1"/>
      </Position1>
      <Position2>
        <Filename Value="delfiles.pas"/>
        <Caret Line="8" Column="27" TopLine="1"/>
      </Position2>
      <Position3>
        <Filename Value="taskunit.pas"/>
        <Caret Line="1147" Column="10" TopLine="1125"/>
      </Position3>
      <Position4>
        <Filename Value="taskunit.pas"/>
        <Caret Line="1147" Column="10" TopLine="1125"/>
      </Position4>
      <Position5>
        <Filename Value="taskunit.pas"/>
        <Caret Line="1156" Column="44" TopLine="1128"/>
      </Position5>
      <Position6>
        <Filename Value="taskunit.pas"/>
        <Caret Line="1165" Column="36" TopLine="1137"/>
      </Position6>
      <Position7>
        <Filename Value="taskunit.pas"/>
        <Caret Line="1222" Column="7" TopLine="1192"/>
      </Position7>
      <Position8>
        <Filename Value="taskunit.pas"/>
        <Caret Line="1204" Column="20" TopLine="1185"/>
      </Position8>
      <Position9>
        <Filename Value="taskunit.pas"/>
        <Caret Line="1205" Column="31" TopLine="1186"/>
      </Position9>
      <Position10>
        <Filename Value="taskunit.pas"/>
        <Caret Line="15" Column="57" TopLine="1"/>
      </Position10>
      <Position11>
        <Filename Value="taskunit.pas"/>
        <Caret Line="1208" Column="28" TopLine="1187"/>
      </Position11>
      <Position12>
        <Filename Value="taskunit.pas"/>
        <Caret Line="1147" Column="24" TopLine="1137"/>
      </Position12>
      <Position13>
        <Filename Value="taskunit.pas"/>
        <Caret Line="16" Column="20" TopLine="1"/>
      </Position13>
      <Position14>
        <Filename Value="taskunit.pas"/>
        <Caret Line="1146" Column="33" TopLine="1133"/>
      </Position14>
      <Position15>
        <Filename Value="taskunit.pas"/>
        <Caret Line="1184" Column="17" TopLine="1166"/>
      </Position15>
      <Position16>
        <Filename Value="taskunit.pas"/>
        <Caret Line="16" Column="38" TopLine="1"/>
      </Position16>
      <Position17>
        <Filename Value="taskunit.pas"/>
        <Caret Line="1168" Column="34" TopLine="1131"/>
      </Position17>
      <Position18>
        <Filename Value="frmset.pas"/>
        <Caret Line="171" Column="13" TopLine="139"/>
      </Position18>
      <Position19>
        <Filename Value="taskunit.pas"/>
        <Caret Line="1163" Column="104" TopLine="1133"/>
      </Position19>
      <Position20>
        <Filename Value="taskunit.pas"/>
        <Caret Line="1171" Column="5" TopLine="1144"/>
      </Position20>
      <Position21>
        <Filename Value="taskunit.pas"/>
        <Caret Line="1164" Column="1" TopLine="1145"/>
      </Position21>
      <Position22>
        <Filename Value="taskunit.pas"/>
        <Caret Line="1185" Column="41" TopLine="1185"/>
      </Position22>
      <Position23>
        <Filename Value="taskunit.pas"/>
        <Caret Line="1151" Column="26" TopLine="1137"/>
      </Position23>
      <Position24>
        <Filename Value="taskunit.pas"/>
        <Caret Line="1160" Column="1" TopLine="1141"/>
      </Position24>
      <Position25>
        <Filename Value="taskunit.pas"/>
        <Caret Line="1158" Column="41" TopLine="1136"/>
      </Position25>
      <Position26>
        <Filename Value="taskunit.pas"/>
        <Caret Line="1160" Column="1" TopLine="1141"/>
      </Position26>
      <Position27>
        <Filename Value="taskunit.pas"/>
        <Caret Line="1161" Column="1" TopLine="1142"/>
      </Position27>
      <Position28>
        <Filename Value="taskunit.pas"/>
        <Caret Line="16" Column="70" TopLine="1"/>
      </Position28>
      <Position29>
        <Filename Value="taskunit.pas"/>
        <Caret Line="1232" Column="4" TopLine="1222"/>
      </Position29>
    </JumpHistory>
  </ProjectOptions>
  <CompilerOptions>
    <Version Value="8"/>
    <PathDelim Value="\"/>
    <SearchPaths>
      <IncludeFiles Value="$(ProjOutDir)\"/>
      <OtherUnitFiles Value="C:\lazarus\Synapse\source\lib\"/>
    </SearchPaths>
    <Parsing>
      <SyntaxOptions>
        <UseAnsiStrings Value="True"/>
      </SyntaxOptions>
    </Parsing>
    <Linking>
      <Options>
        <Win32>
          <GraphicApplication Value="True"/>
        </Win32>
      </Options>
    </Linking>
    <Other>
      <CompilerPath Value="$(CompPath)"/>
    </Other>
  </CompilerOptions>
  <Debugging>
    <Exceptions Count="4">
      <Item1>
        <Name Value="EAbort"/>
      </Item1>
      <Item2>
        <Name Value="ECodetoolError"/>
      </Item2>
      <Item3>
        <Name Value="EFOpenError"/>
      </Item3>
      <Item4>
        <Name Value="EIdSMTPReplyError"/>
      </Item4>
    </Exceptions>
  </Debugging>
</CONFIG>
